// !$*UTF8*$!
{
	archiveVersion = 1;
	classes = {
	};
	objectVersion = 46;
	objects = {

/* Begin PBXBuildFile section */
		3818F6DC1E5BDEA600902E23 /* NTComponents.h in Headers */ = {isa = PBXBuildFile; fileRef = 3818F6DA1E5BDEA600902E23 /* NTComponents.h */; settings = {ATTRIBUTES = (Public, ); }; };
		3818F6E51E5BDED000902E23 /* LICENSE in Resources */ = {isa = PBXBuildFile; fileRef = 3818F6E41E5BDED000902E23 /* LICENSE */; };
		3818F6E91E5BDF3A00902E23 /* ViewController.swift in Sources */ = {isa = PBXBuildFile; fileRef = 3818F6E71E5BDF3A00902E23 /* ViewController.swift */; };
		3818F6FB1E5BDF5000902E23 /* NTView.swift in Sources */ = {isa = PBXBuildFile; fileRef = 3818F6EA1E5BDF5000902E23 /* NTView.swift */; };
		3818F6FC1E5BDF5000902E23 /* NTToolbar.swift in Sources */ = {isa = PBXBuildFile; fileRef = 3818F6EB1E5BDF5000902E23 /* NTToolbar.swift */; };
		3818F6FD1E5BDF5000902E23 /* NTViewController.swift in Sources */ = {isa = PBXBuildFile; fileRef = 3818F6EC1E5BDF5000902E23 /* NTViewController.swift */; };
		3818F6FE1E5BDF5000902E23 /* NTTableViewController.swift in Sources */ = {isa = PBXBuildFile; fileRef = 3818F6ED1E5BDF5000902E23 /* NTTableViewController.swift */; };
		3818F6FF1E5BDF5000902E23 /* NTTableView.swift in Sources */ = {isa = PBXBuildFile; fileRef = 3818F6EE1E5BDF5000902E23 /* NTTableView.swift */; };
		3818F7001E5BDF5000902E23 /* NTTableViewCell.swift in Sources */ = {isa = PBXBuildFile; fileRef = 3818F6EF1E5BDF5000902E23 /* NTTableViewCell.swift */; };
		3818F7011E5BDF5000902E23 /* NTPageViewController.swift in Sources */ = {isa = PBXBuildFile; fileRef = 3818F6F01E5BDF5000902E23 /* NTPageViewController.swift */; };
		3818F7021E5BDF5000902E23 /* NTTabBarController.swift in Sources */ = {isa = PBXBuildFile; fileRef = 3818F6F11E5BDF5000902E23 /* NTTabBarController.swift */; };
		3818F7031E5BDF5000902E23 /* NTNavigationContainer.swift in Sources */ = {isa = PBXBuildFile; fileRef = 3818F6F21E5BDF5000902E23 /* NTNavigationContainer.swift */; };
		3818F7041E5BDF5000902E23 /* NTLoginViewController.swift in Sources */ = {isa = PBXBuildFile; fileRef = 3818F6F31E5BDF5000902E23 /* NTLoginViewController.swift */; };
		3818F7051E5BDF5000902E23 /* NTSearchViewController.swift in Sources */ = {isa = PBXBuildFile; fileRef = 3818F6F41E5BDF5000902E23 /* NTSearchViewController.swift */; };
		3818F7061E5BDF5000902E23 /* Icon.swift in Sources */ = {isa = PBXBuildFile; fileRef = 3818F6F51E5BDF5000902E23 /* Icon.swift */; };
		3818F7071E5BDF5000902E23 /* Color.swift in Sources */ = {isa = PBXBuildFile; fileRef = 3818F6F61E5BDF5000902E23 /* Color.swift */; };
		3818F7081E5BDF5000902E23 /* Toast.swift in Sources */ = {isa = PBXBuildFile; fileRef = 3818F6F71E5BDF5000902E23 /* Toast.swift */; };
		3818F70A1E5BDF5000902E23 /* Log.swift in Sources */ = {isa = PBXBuildFile; fileRef = 3818F6F91E5BDF5000902E23 /* Log.swift */; };
		3818F70B1E5BDF5000902E23 /* ProgressHUD.swift in Sources */ = {isa = PBXBuildFile; fileRef = 3818F6FA1E5BDF5000902E23 /* ProgressHUD.swift */; };
		3818F70D1E5BDF8600902E23 /* Assets.xcassets in Resources */ = {isa = PBXBuildFile; fileRef = 3818F70C1E5BDF8600902E23 /* Assets.xcassets */; };
		3818F70F1E5BE05800902E23 /* NTComponents.podspec in Resources */ = {isa = PBXBuildFile; fileRef = 3818F70E1E5BE05800902E23 /* NTComponents.podspec */; };
		3818F7701E5BF23B00902E23 /* UIView+AutoLayout.swift in Sources */ = {isa = PBXBuildFile; fileRef = 3818F76F1E5BF23B00902E23 /* UIView+AutoLayout.swift */; };
		3818F7721E5BF78C00902E23 /* Font.swift in Sources */ = {isa = PBXBuildFile; fileRef = 3818F7711E5BF78C00902E23 /* Font.swift */; };
		3830D6761E62A7F4005C9A31 /* NTLabel.swift in Sources */ = {isa = PBXBuildFile; fileRef = 3830D6751E62A7F4005C9A31 /* NTLabel.swift */; };
		3830D6781E62A7FD005C9A31 /* NTTextView.swift in Sources */ = {isa = PBXBuildFile; fileRef = 3830D6771E62A7FD005C9A31 /* NTTextView.swift */; };
		3830D67A1E62A864005C9A31 /* NTButton.swift in Sources */ = {isa = PBXBuildFile; fileRef = 3830D6791E62A864005C9A31 /* NTButton.swift */; };
		3830D67C1E62A895005C9A31 /* NTNavigationController.swift in Sources */ = {isa = PBXBuildFile; fileRef = 3830D67B1E62A895005C9A31 /* NTNavigationController.swift */; };
		383850381E64C982001BADFB /* Roboto-Black.ttf in Resources */ = {isa = PBXBuildFile; fileRef = 3838502C1E64C982001BADFB /* Roboto-Black.ttf */; };
		383850391E64C982001BADFB /* Roboto-BlackItalic.ttf in Resources */ = {isa = PBXBuildFile; fileRef = 3838502D1E64C982001BADFB /* Roboto-BlackItalic.ttf */; };
		3838503A1E64C982001BADFB /* Roboto-Bold.ttf in Resources */ = {isa = PBXBuildFile; fileRef = 3838502E1E64C982001BADFB /* Roboto-Bold.ttf */; };
		3838503B1E64C982001BADFB /* Roboto-BoldItalic.ttf in Resources */ = {isa = PBXBuildFile; fileRef = 3838502F1E64C982001BADFB /* Roboto-BoldItalic.ttf */; };
		3838503C1E64C982001BADFB /* Roboto-Italic.ttf in Resources */ = {isa = PBXBuildFile; fileRef = 383850301E64C982001BADFB /* Roboto-Italic.ttf */; };
		3838503D1E64C982001BADFB /* Roboto-Light.ttf in Resources */ = {isa = PBXBuildFile; fileRef = 383850311E64C982001BADFB /* Roboto-Light.ttf */; };
		3838503E1E64C982001BADFB /* Roboto-LightItalic.ttf in Resources */ = {isa = PBXBuildFile; fileRef = 383850321E64C982001BADFB /* Roboto-LightItalic.ttf */; };
		3838503F1E64C982001BADFB /* Roboto-Medium.ttf in Resources */ = {isa = PBXBuildFile; fileRef = 383850331E64C982001BADFB /* Roboto-Medium.ttf */; };
		383850401E64C982001BADFB /* Roboto-MediumItalic.ttf in Resources */ = {isa = PBXBuildFile; fileRef = 383850341E64C982001BADFB /* Roboto-MediumItalic.ttf */; };
		383850411E64C982001BADFB /* Roboto-Regular.ttf in Resources */ = {isa = PBXBuildFile; fileRef = 383850351E64C982001BADFB /* Roboto-Regular.ttf */; };
		383850421E64C982001BADFB /* Roboto-Thin.ttf in Resources */ = {isa = PBXBuildFile; fileRef = 383850361E64C982001BADFB /* Roboto-Thin.ttf */; };
		383850431E64C982001BADFB /* Roboto-ThinItalic.ttf in Resources */ = {isa = PBXBuildFile; fileRef = 383850371E64C982001BADFB /* Roboto-ThinItalic.ttf */; };
		383850451E64C9B7001BADFB /* BebasNeue.otf in Resources */ = {isa = PBXBuildFile; fileRef = 383850441E64C9B7001BADFB /* BebasNeue.otf */; };
		3849B2101E6518DD00A86586 /* Alphabet in Resources */ = {isa = PBXBuildFile; fileRef = 3849B1D81E6518DC00A86586 /* Alphabet */; };
		3849B2111E6518DD00A86586 /* Animals in Resources */ = {isa = PBXBuildFile; fileRef = 3849B1D91E6518DC00A86586 /* Animals */; };
		3849B2121E6518DD00A86586 /* Arrows in Resources */ = {isa = PBXBuildFile; fileRef = 3849B1DA1E6518DC00A86586 /* Arrows */; };
		3849B2131E6518DD00A86586 /* Astrology in Resources */ = {isa = PBXBuildFile; fileRef = 3849B1DB1E6518DC00A86586 /* Astrology */; };
		3849B2141E6518DD00A86586 /* Baby in Resources */ = {isa = PBXBuildFile; fileRef = 3849B1DC1E6518DC00A86586 /* Baby */; };
		3849B2151E6518DD00A86586 /* Beauty in Resources */ = {isa = PBXBuildFile; fileRef = 3849B1DD1E6518DC00A86586 /* Beauty */; };
		3849B2161E6518DD00A86586 /* Business in Resources */ = {isa = PBXBuildFile; fileRef = 3849B1DE1E6518DC00A86586 /* Business */; };
		3849B2171E6518DD00A86586 /* Cinema in Resources */ = {isa = PBXBuildFile; fileRef = 3849B1DF1E6518DC00A86586 /* Cinema */; };
		3849B2181E6518DD00A86586 /* City in Resources */ = {isa = PBXBuildFile; fileRef = 3849B1E01E6518DC00A86586 /* City */; };
		3849B2191E6518DD00A86586 /* Clothing in Resources */ = {isa = PBXBuildFile; fileRef = 3849B1E11E6518DC00A86586 /* Clothing */; };
		3849B21A1E6518DD00A86586 /* Computer_Hardware in Resources */ = {isa = PBXBuildFile; fileRef = 3849B1E21E6518DC00A86586 /* Computer_Hardware */; };
		3849B21B1E6518DD00A86586 /* Crime in Resources */ = {isa = PBXBuildFile; fileRef = 3849B1E31E6518DC00A86586 /* Crime */; };
		3849B21C1E6518DD00A86586 /* Cultures in Resources */ = {isa = PBXBuildFile; fileRef = 3849B1E41E6518DC00A86586 /* Cultures */; };
		3849B21D1E6518DD00A86586 /* Data in Resources */ = {isa = PBXBuildFile; fileRef = 3849B1E51E6518DC00A86586 /* Data */; };
		3849B21E1E6518DD00A86586 /* DIY in Resources */ = {isa = PBXBuildFile; fileRef = 3849B1E61E6518DC00A86586 /* DIY */; };
		3849B21F1E6518DD00A86586 /* Drinks in Resources */ = {isa = PBXBuildFile; fileRef = 3849B1E71E6518DC00A86586 /* Drinks */; };
		3849B2201E6518DD00A86586 /* Ecommerce in Resources */ = {isa = PBXBuildFile; fileRef = 3849B1E81E6518DC00A86586 /* Ecommerce */; };
		3849B2211E6518DD00A86586 /* Editing in Resources */ = {isa = PBXBuildFile; fileRef = 3849B1E91E6518DC00A86586 /* Editing */; };
		3849B2221E6518DD00A86586 /* File_Types in Resources */ = {isa = PBXBuildFile; fileRef = 3849B1EA1E6518DC00A86586 /* File_Types */; };
		3849B2231E6518DD00A86586 /* Finance in Resources */ = {isa = PBXBuildFile; fileRef = 3849B1EB1E6518DC00A86586 /* Finance */; };
		3849B2241E6518DD00A86586 /* Folders in Resources */ = {isa = PBXBuildFile; fileRef = 3849B1EC1E6518DC00A86586 /* Folders */; };
		3849B2251E6518DD00A86586 /* Food in Resources */ = {isa = PBXBuildFile; fileRef = 3849B1ED1E6518DC00A86586 /* Food */; };
		3849B2261E6518DD00A86586 /* Gaming in Resources */ = {isa = PBXBuildFile; fileRef = 3849B1EE1E6518DC00A86586 /* Gaming */; };
		3849B2271E6518DD00A86586 /* Hands in Resources */ = {isa = PBXBuildFile; fileRef = 3849B1EF1E6518DC00A86586 /* Hands */; };
		3849B2281E6518DD00A86586 /* Healthcare in Resources */ = {isa = PBXBuildFile; fileRef = 3849B1F01E6518DC00A86586 /* Healthcare */; };
		3849B2291E6518DD00A86586 /* Holidays in Resources */ = {isa = PBXBuildFile; fileRef = 3849B1F11E6518DC00A86586 /* Holidays */; };
		3849B22A1E6518DD00A86586 /* Household in Resources */ = {isa = PBXBuildFile; fileRef = 3849B1F21E6518DC00A86586 /* Household */; };
		3849B22B1E6518DD00A86586 /* Image_Edition_Tools in Resources */ = {isa = PBXBuildFile; fileRef = 3849B1F31E6518DC00A86586 /* Image_Edition_Tools */; };
		3849B22C1E6518DD00A86586 /* Industry in Resources */ = {isa = PBXBuildFile; fileRef = 3849B1F41E6518DC00A86586 /* Industry */; };
		3849B22D1E6518DD00A86586 /* Logos in Resources */ = {isa = PBXBuildFile; fileRef = 3849B1F51E6518DC00A86586 /* Logos */; };
		3849B22E1E6518DD00A86586 /* Maps in Resources */ = {isa = PBXBuildFile; fileRef = 3849B1F61E6518DC00A86586 /* Maps */; };
		3849B22F1E6518DD00A86586 /* Media_Controls in Resources */ = {isa = PBXBuildFile; fileRef = 3849B1F71E6518DC00A86586 /* Media_Controls */; };
		3849B2301E6518DD00A86586 /* Messaging in Resources */ = {isa = PBXBuildFile; fileRef = 3849B1F81E6518DC00A86586 /* Messaging */; };
		3849B2311E6518DD00A86586 /* Military in Resources */ = {isa = PBXBuildFile; fileRef = 3849B1F91E6518DC00A86586 /* Military */; };
		3849B2321E6518DD00A86586 /* Mobile in Resources */ = {isa = PBXBuildFile; fileRef = 3849B1FA1E6518DC00A86586 /* Mobile */; };
		3849B2331E6518DD00A86586 /* Music in Resources */ = {isa = PBXBuildFile; fileRef = 3849B1FB1E6518DD00A86586 /* Music */; };
		3849B2341E6518DD00A86586 /* Nature in Resources */ = {isa = PBXBuildFile; fileRef = 3849B1FC1E6518DD00A86586 /* Nature */; };
		3849B2351E6518DD00A86586 /* Network in Resources */ = {isa = PBXBuildFile; fileRef = 3849B1FD1E6518DD00A86586 /* Network */; };
		3849B2361E6518DD00A86586 /* Objects in Resources */ = {isa = PBXBuildFile; fileRef = 3849B1FE1E6518DD00A86586 /* Objects */; };
		3849B2371E6518DD00A86586 /* Operating_Systems in Resources */ = {isa = PBXBuildFile; fileRef = 3849B1FF1E6518DD00A86586 /* Operating_Systems */; };
		3849B2381E6518DD00A86586 /* Photo_Video in Resources */ = {isa = PBXBuildFile; fileRef = 3849B2001E6518DD00A86586 /* Photo_Video */; };
		3849B2391E6518DD00A86586 /* Plants in Resources */ = {isa = PBXBuildFile; fileRef = 3849B2011E6518DD00A86586 /* Plants */; };
		3849B23A1E6518DD00A86586 /* Printing in Resources */ = {isa = PBXBuildFile; fileRef = 3849B2021E6518DD00A86586 /* Printing */; };
		3849B23B1E6518DD00A86586 /* Programming in Resources */ = {isa = PBXBuildFile; fileRef = 3849B2031E6518DD00A86586 /* Programming */; };
		3849B23C1E6518DD00A86586 /* Science in Resources */ = {isa = PBXBuildFile; fileRef = 3849B2041E6518DD00A86586 /* Science */; };
		3849B23D1E6518DD00A86586 /* Sciences in Resources */ = {isa = PBXBuildFile; fileRef = 3849B2051E6518DD00A86586 /* Sciences */; };
		3849B23E1E6518DD00A86586 /* Security in Resources */ = {isa = PBXBuildFile; fileRef = 3849B2061E6518DD00A86586 /* Security */; };
		3849B23F1E6518DD00A86586 /* Social_Networks in Resources */ = {isa = PBXBuildFile; fileRef = 3849B2071E6518DD00A86586 /* Social_Networks */; };
		3849B2401E6518DD00A86586 /* Sports in Resources */ = {isa = PBXBuildFile; fileRef = 3849B2081E6518DD00A86586 /* Sports */; };
		3849B2411E6518DD00A86586 /* Time_And_Date in Resources */ = {isa = PBXBuildFile; fileRef = 3849B2091E6518DD00A86586 /* Time_And_Date */; };
		3849B2421E6518DD00A86586 /* Transport in Resources */ = {isa = PBXBuildFile; fileRef = 3849B20A1E6518DD00A86586 /* Transport */; };
		3849B2431E6518DD00A86586 /* Travel in Resources */ = {isa = PBXBuildFile; fileRef = 3849B20B1E6518DD00A86586 /* Travel */; };
		3849B2441E6518DD00A86586 /* User_Interface in Resources */ = {isa = PBXBuildFile; fileRef = 3849B20C1E6518DD00A86586 /* User_Interface */; };
		3849B2451E6518DD00A86586 /* Users in Resources */ = {isa = PBXBuildFile; fileRef = 3849B20D1E6518DD00A86586 /* Users */; };
		3849B2461E6518DD00A86586 /* Very_Basic in Resources */ = {isa = PBXBuildFile; fileRef = 3849B20E1E6518DD00A86586 /* Very_Basic */; };
		3849B2471E6518DD00A86586 /* Weather in Resources */ = {isa = PBXBuildFile; fileRef = 3849B20F1E6518DD00A86586 /* Weather */; };
		3849B24A1E6519E100A86586 /* Material Icons.swift in Sources */ = {isa = PBXBuildFile; fileRef = 3849B2491E6519E100A86586 /* Material Icons.swift */; };
		3849B2811E651BE300A86586 /* Alphabet in Resources */ = {isa = PBXBuildFile; fileRef = 3849B24C1E651BE300A86586 /* Alphabet */; };
		3849B2821E651BE300A86586 /* Animals in Resources */ = {isa = PBXBuildFile; fileRef = 3849B24D1E651BE300A86586 /* Animals */; };
		3849B2831E651BE300A86586 /* Arrows in Resources */ = {isa = PBXBuildFile; fileRef = 3849B24E1E651BE300A86586 /* Arrows */; };
		3849B2841E651BE300A86586 /* Astrology in Resources */ = {isa = PBXBuildFile; fileRef = 3849B24F1E651BE300A86586 /* Astrology */; };
		3849B2851E651BE300A86586 /* Baby in Resources */ = {isa = PBXBuildFile; fileRef = 3849B2501E651BE300A86586 /* Baby */; };
		3849B2861E651BE300A86586 /* Beauty in Resources */ = {isa = PBXBuildFile; fileRef = 3849B2511E651BE300A86586 /* Beauty */; };
		3849B2871E651BE300A86586 /* Business in Resources */ = {isa = PBXBuildFile; fileRef = 3849B2521E651BE300A86586 /* Business */; };
		3849B2881E651BE300A86586 /* Cinema in Resources */ = {isa = PBXBuildFile; fileRef = 3849B2531E651BE300A86586 /* Cinema */; };
		3849B2891E651BE300A86586 /* City in Resources */ = {isa = PBXBuildFile; fileRef = 3849B2541E651BE300A86586 /* City */; };
		3849B28A1E651BE300A86586 /* Clothing in Resources */ = {isa = PBXBuildFile; fileRef = 3849B2551E651BE300A86586 /* Clothing */; };
		3849B28B1E651BE300A86586 /* Computer_Hardware in Resources */ = {isa = PBXBuildFile; fileRef = 3849B2561E651BE300A86586 /* Computer_Hardware */; };
		3849B28C1E651BE300A86586 /* Cultures in Resources */ = {isa = PBXBuildFile; fileRef = 3849B2571E651BE300A86586 /* Cultures */; };
		3849B28D1E651BE300A86586 /* Data in Resources */ = {isa = PBXBuildFile; fileRef = 3849B2581E651BE300A86586 /* Data */; };
		3849B28E1E651BE300A86586 /* DIY in Resources */ = {isa = PBXBuildFile; fileRef = 3849B2591E651BE300A86586 /* DIY */; };
		3849B28F1E651BE300A86586 /* Ecommerce in Resources */ = {isa = PBXBuildFile; fileRef = 3849B25A1E651BE300A86586 /* Ecommerce */; };
		3849B2901E651BE300A86586 /* Editing in Resources */ = {isa = PBXBuildFile; fileRef = 3849B25B1E651BE300A86586 /* Editing */; };
		3849B2911E651BE300A86586 /* Files in Resources */ = {isa = PBXBuildFile; fileRef = 3849B25C1E651BE300A86586 /* Files */; };
		3849B2921E651BE300A86586 /* Finance in Resources */ = {isa = PBXBuildFile; fileRef = 3849B25D1E651BE300A86586 /* Finance */; };
		3849B2931E651BE300A86586 /* Folders in Resources */ = {isa = PBXBuildFile; fileRef = 3849B25E1E651BE300A86586 /* Folders */; };
		3849B2941E651BE300A86586 /* Food in Resources */ = {isa = PBXBuildFile; fileRef = 3849B25F1E651BE300A86586 /* Food */; };
		3849B2951E651BE300A86586 /* Gaming in Resources */ = {isa = PBXBuildFile; fileRef = 3849B2601E651BE300A86586 /* Gaming */; };
		3849B2961E651BE300A86586 /* Hands in Resources */ = {isa = PBXBuildFile; fileRef = 3849B2611E651BE300A86586 /* Hands */; };
		3849B2971E651BE300A86586 /* Healthcare in Resources */ = {isa = PBXBuildFile; fileRef = 3849B2621E651BE300A86586 /* Healthcare */; };
		3849B2981E651BE300A86586 /* Holidays in Resources */ = {isa = PBXBuildFile; fileRef = 3849B2631E651BE300A86586 /* Holidays */; };
		3849B2991E651BE300A86586 /* Household in Resources */ = {isa = PBXBuildFile; fileRef = 3849B2641E651BE300A86586 /* Household */; };
		3849B29A1E651BE300A86586 /* Industry in Resources */ = {isa = PBXBuildFile; fileRef = 3849B2651E651BE300A86586 /* Industry */; };
		3849B29B1E651BE300A86586 /* Logos in Resources */ = {isa = PBXBuildFile; fileRef = 3849B2661E651BE300A86586 /* Logos */; };
		3849B29C1E651BE300A86586 /* Maps in Resources */ = {isa = PBXBuildFile; fileRef = 3849B2671E651BE300A86586 /* Maps */; };
		3849B29D1E651BE300A86586 /* Media_Controls in Resources */ = {isa = PBXBuildFile; fileRef = 3849B2681E651BE300A86586 /* Media_Controls */; };
		3849B29E1E651BE300A86586 /* Messaging in Resources */ = {isa = PBXBuildFile; fileRef = 3849B2691E651BE300A86586 /* Messaging */; };
		3849B29F1E651BE300A86586 /* Military in Resources */ = {isa = PBXBuildFile; fileRef = 3849B26A1E651BE300A86586 /* Military */; };
		3849B2A01E651BE300A86586 /* Mobile in Resources */ = {isa = PBXBuildFile; fileRef = 3849B26B1E651BE300A86586 /* Mobile */; };
		3849B2A11E651BE300A86586 /* Music in Resources */ = {isa = PBXBuildFile; fileRef = 3849B26C1E651BE300A86586 /* Music */; };
		3849B2A21E651BE300A86586 /* Network in Resources */ = {isa = PBXBuildFile; fileRef = 3849B26D1E651BE300A86586 /* Network */; };
		3849B2A31E651BE300A86586 /* Objects in Resources */ = {isa = PBXBuildFile; fileRef = 3849B26E1E651BE300A86586 /* Objects */; };
		3849B2A41E651BE300A86586 /* Operating_Systems in Resources */ = {isa = PBXBuildFile; fileRef = 3849B26F1E651BE300A86586 /* Operating_Systems */; };
		3849B2A51E651BE300A86586 /* Photo_Video in Resources */ = {isa = PBXBuildFile; fileRef = 3849B2701E651BE300A86586 /* Photo_Video */; };
		3849B2A61E651BE300A86586 /* Plants in Resources */ = {isa = PBXBuildFile; fileRef = 3849B2711E651BE300A86586 /* Plants */; };
		3849B2A71E651BE300A86586 /* Printing in Resources */ = {isa = PBXBuildFile; fileRef = 3849B2721E651BE300A86586 /* Printing */; };
		3849B2A81E651BE300A86586 /* Programming in Resources */ = {isa = PBXBuildFile; fileRef = 3849B2731E651BE300A86586 /* Programming */; };
		3849B2A91E651BE300A86586 /* Science in Resources */ = {isa = PBXBuildFile; fileRef = 3849B2741E651BE300A86586 /* Science */; };
		3849B2AA1E651BE300A86586 /* Sciences in Resources */ = {isa = PBXBuildFile; fileRef = 3849B2751E651BE300A86586 /* Sciences */; };
		3849B2AB1E651BE300A86586 /* Security in Resources */ = {isa = PBXBuildFile; fileRef = 3849B2761E651BE300A86586 /* Security */; };
		3849B2AC1E651BE300A86586 /* Shopping in Resources */ = {isa = PBXBuildFile; fileRef = 3849B2771E651BE300A86586 /* Shopping */; };
		3849B2AD1E651BE300A86586 /* Social_Networks in Resources */ = {isa = PBXBuildFile; fileRef = 3849B2781E651BE300A86586 /* Social_Networks */; };
		3849B2AE1E651BE300A86586 /* Sports in Resources */ = {isa = PBXBuildFile; fileRef = 3849B2791E651BE300A86586 /* Sports */; };
		3849B2AF1E651BE300A86586 /* Time_And_Date in Resources */ = {isa = PBXBuildFile; fileRef = 3849B27A1E651BE300A86586 /* Time_And_Date */; };
		3849B2B01E651BE300A86586 /* Transport in Resources */ = {isa = PBXBuildFile; fileRef = 3849B27B1E651BE300A86586 /* Transport */; };
		3849B2B11E651BE300A86586 /* Travel in Resources */ = {isa = PBXBuildFile; fileRef = 3849B27C1E651BE300A86586 /* Travel */; };
		3849B2B21E651BE300A86586 /* User_Interface in Resources */ = {isa = PBXBuildFile; fileRef = 3849B27D1E651BE300A86586 /* User_Interface */; };
		3849B2B31E651BE300A86586 /* Users in Resources */ = {isa = PBXBuildFile; fileRef = 3849B27E1E651BE300A86586 /* Users */; };
		3849B2B41E651BE300A86586 /* Very_Basic in Resources */ = {isa = PBXBuildFile; fileRef = 3849B27F1E651BE300A86586 /* Very_Basic */; };
		3849B2B51E651BE300A86586 /* Weather in Resources */ = {isa = PBXBuildFile; fileRef = 3849B2801E651BE300A86586 /* Weather */; };
		3849B2B71E651CAB00A86586 /* UIColor.swift in Sources */ = {isa = PBXBuildFile; fileRef = 3849B2B61E651CAB00A86586 /* UIColor.swift */; };
		3849B2B91E651CD400A86586 /* UIImage+UIImageView.swift in Sources */ = {isa = PBXBuildFile; fileRef = 3849B2B81E651CD400A86586 /* UIImage+UIImageView.swift */; };
		3849B2BB1E651D6300A86586 /* String.swift in Sources */ = {isa = PBXBuildFile; fileRef = 3849B2BA1E651D6300A86586 /* String.swift */; };
		3849B2BD1E651D9600A86586 /* NSMutableAttributedString.swift in Sources */ = {isa = PBXBuildFile; fileRef = 3849B2BC1E651D9600A86586 /* NSMutableAttributedString.swift */; };
		3849B2BF1E651E4600A86586 /* UIView.swift in Sources */ = {isa = PBXBuildFile; fileRef = 3849B2BE1E651E4600A86586 /* UIView.swift */; };
		38E625111E63B4B7003DC7B0 /* DiscardableImageCacheItem.swift in Sources */ = {isa = PBXBuildFile; fileRef = 38E625101E63B4B7003DC7B0 /* DiscardableImageCacheItem.swift */; };
		38E625171E63B4CA003DC7B0 /* NTImageView.swift in Sources */ = {isa = PBXBuildFile; fileRef = 38E625121E63B4CA003DC7B0 /* NTImageView.swift */; };
		38E625181E63B4CA003DC7B0 /* Datasource.swift in Sources */ = {isa = PBXBuildFile; fileRef = 38E625131E63B4CA003DC7B0 /* Datasource.swift */; };
		38E625191E63B4CA003DC7B0 /* DatasourceCell.swift in Sources */ = {isa = PBXBuildFile; fileRef = 38E625141E63B4CA003DC7B0 /* DatasourceCell.swift */; };
		38E6251A1E63B4CA003DC7B0 /* DatasourceController.swift in Sources */ = {isa = PBXBuildFile; fileRef = 38E625151E63B4CA003DC7B0 /* DatasourceController.swift */; };
		38E6251B1E63B4CA003DC7B0 /* DefaultCells.swift in Sources */ = {isa = PBXBuildFile; fileRef = 38E625161E63B4CA003DC7B0 /* DefaultCells.swift */; };
		38E6251F1E63BA05003DC7B0 /* NTCollectionViewController.swift in Sources */ = {isa = PBXBuildFile; fileRef = 38E6251E1E63BA05003DC7B0 /* NTCollectionViewController.swift */; };
		38E6253F1E64BE8B003DC7B0 /* NTCollectionDatasource.swift in Sources */ = {isa = PBXBuildFile; fileRef = 38E6253E1E64BE8B003DC7B0 /* NTCollectionDatasource.swift */; };
		38E625411E64BEBD003DC7B0 /* NTCollectionViewCell.swift in Sources */ = {isa = PBXBuildFile; fileRef = 38E625401E64BEBD003DC7B0 /* NTCollectionViewCell.swift */; };
		38F572731E64CCD100E8F995 /* iOS Icons.swift in Sources */ = {isa = PBXBuildFile; fileRef = 38F572721E64CCD100E8F995 /* iOS Icons.swift */; };
/* End PBXBuildFile section */

/* Begin PBXFileReference section */
		3818F6D71E5BDEA600902E23 /* NTComponents.framework */ = {isa = PBXFileReference; explicitFileType = wrapper.framework; includeInIndex = 0; path = NTComponents.framework; sourceTree = BUILT_PRODUCTS_DIR; };
		3818F6DA1E5BDEA600902E23 /* NTComponents.h */ = {isa = PBXFileReference; lastKnownFileType = sourcecode.c.h; path = NTComponents.h; sourceTree = "<group>"; };
		3818F6DB1E5BDEA600902E23 /* Info.plist */ = {isa = PBXFileReference; lastKnownFileType = text.plist.xml; path = Info.plist; sourceTree = "<group>"; };
		3818F6E41E5BDED000902E23 /* LICENSE */ = {isa = PBXFileReference; fileEncoding = 4; lastKnownFileType = text; path = LICENSE; sourceTree = "<group>"; };
		3818F6E71E5BDF3A00902E23 /* ViewController.swift */ = {isa = PBXFileReference; fileEncoding = 4; lastKnownFileType = sourcecode.swift; path = ViewController.swift; sourceTree = "<group>"; };
		3818F6EA1E5BDF5000902E23 /* NTView.swift */ = {isa = PBXFileReference; fileEncoding = 4; lastKnownFileType = sourcecode.swift; path = NTView.swift; sourceTree = "<group>"; };
		3818F6EB1E5BDF5000902E23 /* NTToolbar.swift */ = {isa = PBXFileReference; fileEncoding = 4; lastKnownFileType = sourcecode.swift; path = NTToolbar.swift; sourceTree = "<group>"; };
		3818F6EC1E5BDF5000902E23 /* NTViewController.swift */ = {isa = PBXFileReference; fileEncoding = 4; lastKnownFileType = sourcecode.swift; path = NTViewController.swift; sourceTree = "<group>"; };
		3818F6ED1E5BDF5000902E23 /* NTTableViewController.swift */ = {isa = PBXFileReference; fileEncoding = 4; lastKnownFileType = sourcecode.swift; path = NTTableViewController.swift; sourceTree = "<group>"; };
		3818F6EE1E5BDF5000902E23 /* NTTableView.swift */ = {isa = PBXFileReference; fileEncoding = 4; lastKnownFileType = sourcecode.swift; path = NTTableView.swift; sourceTree = "<group>"; };
		3818F6EF1E5BDF5000902E23 /* NTTableViewCell.swift */ = {isa = PBXFileReference; fileEncoding = 4; lastKnownFileType = sourcecode.swift; path = NTTableViewCell.swift; sourceTree = "<group>"; };
		3818F6F01E5BDF5000902E23 /* NTPageViewController.swift */ = {isa = PBXFileReference; fileEncoding = 4; lastKnownFileType = sourcecode.swift; path = NTPageViewController.swift; sourceTree = "<group>"; };
		3818F6F11E5BDF5000902E23 /* NTTabBarController.swift */ = {isa = PBXFileReference; fileEncoding = 4; lastKnownFileType = sourcecode.swift; path = NTTabBarController.swift; sourceTree = "<group>"; };
		3818F6F21E5BDF5000902E23 /* NTNavigationContainer.swift */ = {isa = PBXFileReference; fileEncoding = 4; lastKnownFileType = sourcecode.swift; path = NTNavigationContainer.swift; sourceTree = "<group>"; };
		3818F6F31E5BDF5000902E23 /* NTLoginViewController.swift */ = {isa = PBXFileReference; fileEncoding = 4; lastKnownFileType = sourcecode.swift; path = NTLoginViewController.swift; sourceTree = "<group>"; };
		3818F6F41E5BDF5000902E23 /* NTSearchViewController.swift */ = {isa = PBXFileReference; fileEncoding = 4; lastKnownFileType = sourcecode.swift; path = NTSearchViewController.swift; sourceTree = "<group>"; };
		3818F6F51E5BDF5000902E23 /* Icon.swift */ = {isa = PBXFileReference; fileEncoding = 4; lastKnownFileType = sourcecode.swift; path = Icon.swift; sourceTree = "<group>"; };
		3818F6F61E5BDF5000902E23 /* Color.swift */ = {isa = PBXFileReference; fileEncoding = 4; lastKnownFileType = sourcecode.swift; path = Color.swift; sourceTree = "<group>"; };
		3818F6F71E5BDF5000902E23 /* Toast.swift */ = {isa = PBXFileReference; fileEncoding = 4; lastKnownFileType = sourcecode.swift; path = Toast.swift; sourceTree = "<group>"; };
		3818F6F91E5BDF5000902E23 /* Log.swift */ = {isa = PBXFileReference; fileEncoding = 4; lastKnownFileType = sourcecode.swift; path = Log.swift; sourceTree = "<group>"; };
		3818F6FA1E5BDF5000902E23 /* ProgressHUD.swift */ = {isa = PBXFileReference; fileEncoding = 4; lastKnownFileType = sourcecode.swift; path = ProgressHUD.swift; sourceTree = "<group>"; };
		3818F70C1E5BDF8600902E23 /* Assets.xcassets */ = {isa = PBXFileReference; lastKnownFileType = folder.assetcatalog; path = Assets.xcassets; sourceTree = "<group>"; };
		3818F70E1E5BE05800902E23 /* NTComponents.podspec */ = {isa = PBXFileReference; fileEncoding = 4; lastKnownFileType = text; path = NTComponents.podspec; sourceTree = "<group>"; };
		3818F76F1E5BF23B00902E23 /* UIView+AutoLayout.swift */ = {isa = PBXFileReference; fileEncoding = 4; lastKnownFileType = sourcecode.swift; path = "UIView+AutoLayout.swift"; sourceTree = "<group>"; };
		3818F7711E5BF78C00902E23 /* Font.swift */ = {isa = PBXFileReference; fileEncoding = 4; lastKnownFileType = sourcecode.swift; path = Font.swift; sourceTree = "<group>"; };
		3830D6751E62A7F4005C9A31 /* NTLabel.swift */ = {isa = PBXFileReference; fileEncoding = 4; lastKnownFileType = sourcecode.swift; path = NTLabel.swift; sourceTree = "<group>"; };
		3830D6771E62A7FD005C9A31 /* NTTextView.swift */ = {isa = PBXFileReference; fileEncoding = 4; lastKnownFileType = sourcecode.swift; path = NTTextView.swift; sourceTree = "<group>"; };
		3830D6791E62A864005C9A31 /* NTButton.swift */ = {isa = PBXFileReference; fileEncoding = 4; lastKnownFileType = sourcecode.swift; path = NTButton.swift; sourceTree = "<group>"; };
		3830D67B1E62A895005C9A31 /* NTNavigationController.swift */ = {isa = PBXFileReference; fileEncoding = 4; lastKnownFileType = sourcecode.swift; path = NTNavigationController.swift; sourceTree = "<group>"; };
		3838502C1E64C982001BADFB /* Roboto-Black.ttf */ = {isa = PBXFileReference; lastKnownFileType = file; name = "Roboto-Black.ttf"; path = "Fonts/Roboto-Black.ttf"; sourceTree = "<group>"; };
		3838502D1E64C982001BADFB /* Roboto-BlackItalic.ttf */ = {isa = PBXFileReference; lastKnownFileType = file; name = "Roboto-BlackItalic.ttf"; path = "Fonts/Roboto-BlackItalic.ttf"; sourceTree = "<group>"; };
		3838502E1E64C982001BADFB /* Roboto-Bold.ttf */ = {isa = PBXFileReference; lastKnownFileType = file; name = "Roboto-Bold.ttf"; path = "Fonts/Roboto-Bold.ttf"; sourceTree = "<group>"; };
		3838502F1E64C982001BADFB /* Roboto-BoldItalic.ttf */ = {isa = PBXFileReference; lastKnownFileType = file; name = "Roboto-BoldItalic.ttf"; path = "Fonts/Roboto-BoldItalic.ttf"; sourceTree = "<group>"; };
		383850301E64C982001BADFB /* Roboto-Italic.ttf */ = {isa = PBXFileReference; lastKnownFileType = file; name = "Roboto-Italic.ttf"; path = "Fonts/Roboto-Italic.ttf"; sourceTree = "<group>"; };
		383850311E64C982001BADFB /* Roboto-Light.ttf */ = {isa = PBXFileReference; lastKnownFileType = file; name = "Roboto-Light.ttf"; path = "Fonts/Roboto-Light.ttf"; sourceTree = "<group>"; };
		383850321E64C982001BADFB /* Roboto-LightItalic.ttf */ = {isa = PBXFileReference; lastKnownFileType = file; name = "Roboto-LightItalic.ttf"; path = "Fonts/Roboto-LightItalic.ttf"; sourceTree = "<group>"; };
		383850331E64C982001BADFB /* Roboto-Medium.ttf */ = {isa = PBXFileReference; lastKnownFileType = file; name = "Roboto-Medium.ttf"; path = "Fonts/Roboto-Medium.ttf"; sourceTree = "<group>"; };
		383850341E64C982001BADFB /* Roboto-MediumItalic.ttf */ = {isa = PBXFileReference; lastKnownFileType = file; name = "Roboto-MediumItalic.ttf"; path = "Fonts/Roboto-MediumItalic.ttf"; sourceTree = "<group>"; };
		383850351E64C982001BADFB /* Roboto-Regular.ttf */ = {isa = PBXFileReference; lastKnownFileType = file; name = "Roboto-Regular.ttf"; path = "Fonts/Roboto-Regular.ttf"; sourceTree = "<group>"; };
		383850361E64C982001BADFB /* Roboto-Thin.ttf */ = {isa = PBXFileReference; lastKnownFileType = file; name = "Roboto-Thin.ttf"; path = "Fonts/Roboto-Thin.ttf"; sourceTree = "<group>"; };
		383850371E64C982001BADFB /* Roboto-ThinItalic.ttf */ = {isa = PBXFileReference; lastKnownFileType = file; name = "Roboto-ThinItalic.ttf"; path = "Fonts/Roboto-ThinItalic.ttf"; sourceTree = "<group>"; };
		383850441E64C9B7001BADFB /* BebasNeue.otf */ = {isa = PBXFileReference; lastKnownFileType = file; name = BebasNeue.otf; path = Fonts/BebasNeue.otf; sourceTree = "<group>"; };
		3849B1D81E6518DC00A86586 /* Alphabet */ = {isa = PBXFileReference; lastKnownFileType = folder; name = Alphabet; path = Icons/iOS/Alphabet; sourceTree = "<group>"; };
		3849B1D91E6518DC00A86586 /* Animals */ = {isa = PBXFileReference; lastKnownFileType = folder; name = Animals; path = Icons/iOS/Animals; sourceTree = "<group>"; };
		3849B1DA1E6518DC00A86586 /* Arrows */ = {isa = PBXFileReference; lastKnownFileType = folder; name = Arrows; path = Icons/iOS/Arrows; sourceTree = "<group>"; };
		3849B1DB1E6518DC00A86586 /* Astrology */ = {isa = PBXFileReference; lastKnownFileType = folder; name = Astrology; path = Icons/iOS/Astrology; sourceTree = "<group>"; };
		3849B1DC1E6518DC00A86586 /* Baby */ = {isa = PBXFileReference; lastKnownFileType = folder; name = Baby; path = Icons/iOS/Baby; sourceTree = "<group>"; };
		3849B1DD1E6518DC00A86586 /* Beauty */ = {isa = PBXFileReference; lastKnownFileType = folder; name = Beauty; path = Icons/iOS/Beauty; sourceTree = "<group>"; };
		3849B1DE1E6518DC00A86586 /* Business */ = {isa = PBXFileReference; lastKnownFileType = folder; name = Business; path = Icons/iOS/Business; sourceTree = "<group>"; };
		3849B1DF1E6518DC00A86586 /* Cinema */ = {isa = PBXFileReference; lastKnownFileType = folder; name = Cinema; path = Icons/iOS/Cinema; sourceTree = "<group>"; };
		3849B1E01E6518DC00A86586 /* City */ = {isa = PBXFileReference; lastKnownFileType = folder; name = City; path = Icons/iOS/City; sourceTree = "<group>"; };
		3849B1E11E6518DC00A86586 /* Clothing */ = {isa = PBXFileReference; lastKnownFileType = folder; name = Clothing; path = Icons/iOS/Clothing; sourceTree = "<group>"; };
		3849B1E21E6518DC00A86586 /* Computer_Hardware */ = {isa = PBXFileReference; lastKnownFileType = folder; name = Computer_Hardware; path = Icons/iOS/Computer_Hardware; sourceTree = "<group>"; };
		3849B1E31E6518DC00A86586 /* Crime */ = {isa = PBXFileReference; lastKnownFileType = folder; name = Crime; path = Icons/iOS/Crime; sourceTree = "<group>"; };
		3849B1E41E6518DC00A86586 /* Cultures */ = {isa = PBXFileReference; lastKnownFileType = folder; name = Cultures; path = Icons/iOS/Cultures; sourceTree = "<group>"; };
		3849B1E51E6518DC00A86586 /* Data */ = {isa = PBXFileReference; lastKnownFileType = folder; name = Data; path = Icons/iOS/Data; sourceTree = "<group>"; };
		3849B1E61E6518DC00A86586 /* DIY */ = {isa = PBXFileReference; lastKnownFileType = folder; name = DIY; path = Icons/iOS/DIY; sourceTree = "<group>"; };
		3849B1E71E6518DC00A86586 /* Drinks */ = {isa = PBXFileReference; lastKnownFileType = folder; name = Drinks; path = Icons/iOS/Drinks; sourceTree = "<group>"; };
		3849B1E81E6518DC00A86586 /* Ecommerce */ = {isa = PBXFileReference; lastKnownFileType = folder; name = Ecommerce; path = Icons/iOS/Ecommerce; sourceTree = "<group>"; };
		3849B1E91E6518DC00A86586 /* Editing */ = {isa = PBXFileReference; lastKnownFileType = folder; name = Editing; path = Icons/iOS/Editing; sourceTree = "<group>"; };
		3849B1EA1E6518DC00A86586 /* File_Types */ = {isa = PBXFileReference; lastKnownFileType = folder; name = File_Types; path = Icons/iOS/File_Types; sourceTree = "<group>"; };
		3849B1EB1E6518DC00A86586 /* Finance */ = {isa = PBXFileReference; lastKnownFileType = folder; name = Finance; path = Icons/iOS/Finance; sourceTree = "<group>"; };
		3849B1EC1E6518DC00A86586 /* Folders */ = {isa = PBXFileReference; lastKnownFileType = folder; name = Folders; path = Icons/iOS/Folders; sourceTree = "<group>"; };
		3849B1ED1E6518DC00A86586 /* Food */ = {isa = PBXFileReference; lastKnownFileType = folder; name = Food; path = Icons/iOS/Food; sourceTree = "<group>"; };
		3849B1EE1E6518DC00A86586 /* Gaming */ = {isa = PBXFileReference; lastKnownFileType = folder; name = Gaming; path = Icons/iOS/Gaming; sourceTree = "<group>"; };
		3849B1EF1E6518DC00A86586 /* Hands */ = {isa = PBXFileReference; lastKnownFileType = folder; name = Hands; path = Icons/iOS/Hands; sourceTree = "<group>"; };
		3849B1F01E6518DC00A86586 /* Healthcare */ = {isa = PBXFileReference; lastKnownFileType = folder; name = Healthcare; path = Icons/iOS/Healthcare; sourceTree = "<group>"; };
		3849B1F11E6518DC00A86586 /* Holidays */ = {isa = PBXFileReference; lastKnownFileType = folder; name = Holidays; path = Icons/iOS/Holidays; sourceTree = "<group>"; };
		3849B1F21E6518DC00A86586 /* Household */ = {isa = PBXFileReference; lastKnownFileType = folder; name = Household; path = Icons/iOS/Household; sourceTree = "<group>"; };
		3849B1F31E6518DC00A86586 /* Image_Edition_Tools */ = {isa = PBXFileReference; lastKnownFileType = folder; name = Image_Edition_Tools; path = Icons/iOS/Image_Edition_Tools; sourceTree = "<group>"; };
		3849B1F41E6518DC00A86586 /* Industry */ = {isa = PBXFileReference; lastKnownFileType = folder; name = Industry; path = Icons/iOS/Industry; sourceTree = "<group>"; };
		3849B1F51E6518DC00A86586 /* Logos */ = {isa = PBXFileReference; lastKnownFileType = folder; name = Logos; path = Icons/iOS/Logos; sourceTree = "<group>"; };
		3849B1F61E6518DC00A86586 /* Maps */ = {isa = PBXFileReference; lastKnownFileType = folder; name = Maps; path = Icons/iOS/Maps; sourceTree = "<group>"; };
		3849B1F71E6518DC00A86586 /* Media_Controls */ = {isa = PBXFileReference; lastKnownFileType = folder; name = Media_Controls; path = Icons/iOS/Media_Controls; sourceTree = "<group>"; };
		3849B1F81E6518DC00A86586 /* Messaging */ = {isa = PBXFileReference; lastKnownFileType = folder; name = Messaging; path = Icons/iOS/Messaging; sourceTree = "<group>"; };
		3849B1F91E6518DC00A86586 /* Military */ = {isa = PBXFileReference; lastKnownFileType = folder; name = Military; path = Icons/iOS/Military; sourceTree = "<group>"; };
		3849B1FA1E6518DC00A86586 /* Mobile */ = {isa = PBXFileReference; lastKnownFileType = folder; name = Mobile; path = Icons/iOS/Mobile; sourceTree = "<group>"; };
		3849B1FB1E6518DD00A86586 /* Music */ = {isa = PBXFileReference; lastKnownFileType = folder; name = Music; path = Icons/iOS/Music; sourceTree = "<group>"; };
		3849B1FC1E6518DD00A86586 /* Nature */ = {isa = PBXFileReference; lastKnownFileType = folder; name = Nature; path = Icons/iOS/Nature; sourceTree = "<group>"; };
		3849B1FD1E6518DD00A86586 /* Network */ = {isa = PBXFileReference; lastKnownFileType = folder; name = Network; path = Icons/iOS/Network; sourceTree = "<group>"; };
		3849B1FE1E6518DD00A86586 /* Objects */ = {isa = PBXFileReference; lastKnownFileType = folder; name = Objects; path = Icons/iOS/Objects; sourceTree = "<group>"; };
		3849B1FF1E6518DD00A86586 /* Operating_Systems */ = {isa = PBXFileReference; lastKnownFileType = folder; name = Operating_Systems; path = Icons/iOS/Operating_Systems; sourceTree = "<group>"; };
		3849B2001E6518DD00A86586 /* Photo_Video */ = {isa = PBXFileReference; lastKnownFileType = folder; name = Photo_Video; path = Icons/iOS/Photo_Video; sourceTree = "<group>"; };
		3849B2011E6518DD00A86586 /* Plants */ = {isa = PBXFileReference; lastKnownFileType = folder; name = Plants; path = Icons/iOS/Plants; sourceTree = "<group>"; };
		3849B2021E6518DD00A86586 /* Printing */ = {isa = PBXFileReference; lastKnownFileType = folder; name = Printing; path = Icons/iOS/Printing; sourceTree = "<group>"; };
		3849B2031E6518DD00A86586 /* Programming */ = {isa = PBXFileReference; lastKnownFileType = folder; name = Programming; path = Icons/iOS/Programming; sourceTree = "<group>"; };
		3849B2041E6518DD00A86586 /* Science */ = {isa = PBXFileReference; lastKnownFileType = folder; name = Science; path = Icons/iOS/Science; sourceTree = "<group>"; };
		3849B2051E6518DD00A86586 /* Sciences */ = {isa = PBXFileReference; lastKnownFileType = folder; name = Sciences; path = Icons/iOS/Sciences; sourceTree = "<group>"; };
		3849B2061E6518DD00A86586 /* Security */ = {isa = PBXFileReference; lastKnownFileType = folder; name = Security; path = Icons/iOS/Security; sourceTree = "<group>"; };
		3849B2071E6518DD00A86586 /* Social_Networks */ = {isa = PBXFileReference; lastKnownFileType = folder; name = Social_Networks; path = Icons/iOS/Social_Networks; sourceTree = "<group>"; };
		3849B2081E6518DD00A86586 /* Sports */ = {isa = PBXFileReference; lastKnownFileType = folder; name = Sports; path = Icons/iOS/Sports; sourceTree = "<group>"; };
		3849B2091E6518DD00A86586 /* Time_And_Date */ = {isa = PBXFileReference; lastKnownFileType = folder; name = Time_And_Date; path = Icons/iOS/Time_And_Date; sourceTree = "<group>"; };
		3849B20A1E6518DD00A86586 /* Transport */ = {isa = PBXFileReference; lastKnownFileType = folder; name = Transport; path = Icons/iOS/Transport; sourceTree = "<group>"; };
		3849B20B1E6518DD00A86586 /* Travel */ = {isa = PBXFileReference; lastKnownFileType = folder; name = Travel; path = Icons/iOS/Travel; sourceTree = "<group>"; };
		3849B20C1E6518DD00A86586 /* User_Interface */ = {isa = PBXFileReference; lastKnownFileType = folder; name = User_Interface; path = Icons/iOS/User_Interface; sourceTree = "<group>"; };
		3849B20D1E6518DD00A86586 /* Users */ = {isa = PBXFileReference; lastKnownFileType = folder; name = Users; path = Icons/iOS/Users; sourceTree = "<group>"; };
		3849B20E1E6518DD00A86586 /* Very_Basic */ = {isa = PBXFileReference; lastKnownFileType = folder; name = Very_Basic; path = Icons/iOS/Very_Basic; sourceTree = "<group>"; };
		3849B20F1E6518DD00A86586 /* Weather */ = {isa = PBXFileReference; lastKnownFileType = folder; name = Weather; path = Icons/iOS/Weather; sourceTree = "<group>"; };
		3849B2491E6519E100A86586 /* Material Icons.swift */ = {isa = PBXFileReference; fileEncoding = 4; lastKnownFileType = sourcecode.swift; path = "Material Icons.swift"; sourceTree = "<group>"; };
		3849B24C1E651BE300A86586 /* Alphabet */ = {isa = PBXFileReference; lastKnownFileType = folder; name = Alphabet; path = Icons/Material/Alphabet; sourceTree = "<group>"; };
		3849B24D1E651BE300A86586 /* Animals */ = {isa = PBXFileReference; lastKnownFileType = folder; name = Animals; path = Icons/Material/Animals; sourceTree = "<group>"; };
		3849B24E1E651BE300A86586 /* Arrows */ = {isa = PBXFileReference; lastKnownFileType = folder; name = Arrows; path = Icons/Material/Arrows; sourceTree = "<group>"; };
		3849B24F1E651BE300A86586 /* Astrology */ = {isa = PBXFileReference; lastKnownFileType = folder; name = Astrology; path = Icons/Material/Astrology; sourceTree = "<group>"; };
		3849B2501E651BE300A86586 /* Baby */ = {isa = PBXFileReference; lastKnownFileType = folder; name = Baby; path = Icons/Material/Baby; sourceTree = "<group>"; };
		3849B2511E651BE300A86586 /* Beauty */ = {isa = PBXFileReference; lastKnownFileType = folder; name = Beauty; path = Icons/Material/Beauty; sourceTree = "<group>"; };
		3849B2521E651BE300A86586 /* Business */ = {isa = PBXFileReference; lastKnownFileType = folder; name = Business; path = Icons/Material/Business; sourceTree = "<group>"; };
		3849B2531E651BE300A86586 /* Cinema */ = {isa = PBXFileReference; lastKnownFileType = folder; name = Cinema; path = Icons/Material/Cinema; sourceTree = "<group>"; };
		3849B2541E651BE300A86586 /* City */ = {isa = PBXFileReference; lastKnownFileType = folder; name = City; path = Icons/Material/City; sourceTree = "<group>"; };
		3849B2551E651BE300A86586 /* Clothing */ = {isa = PBXFileReference; lastKnownFileType = folder; name = Clothing; path = Icons/Material/Clothing; sourceTree = "<group>"; };
		3849B2561E651BE300A86586 /* Computer_Hardware */ = {isa = PBXFileReference; lastKnownFileType = folder; name = Computer_Hardware; path = Icons/Material/Computer_Hardware; sourceTree = "<group>"; };
		3849B2571E651BE300A86586 /* Cultures */ = {isa = PBXFileReference; lastKnownFileType = folder; name = Cultures; path = Icons/Material/Cultures; sourceTree = "<group>"; };
		3849B2581E651BE300A86586 /* Data */ = {isa = PBXFileReference; lastKnownFileType = folder; name = Data; path = Icons/Material/Data; sourceTree = "<group>"; };
		3849B2591E651BE300A86586 /* DIY */ = {isa = PBXFileReference; lastKnownFileType = folder; name = DIY; path = Icons/Material/DIY; sourceTree = "<group>"; };
		3849B25A1E651BE300A86586 /* Ecommerce */ = {isa = PBXFileReference; lastKnownFileType = folder; name = Ecommerce; path = Icons/Material/Ecommerce; sourceTree = "<group>"; };
		3849B25B1E651BE300A86586 /* Editing */ = {isa = PBXFileReference; lastKnownFileType = folder; name = Editing; path = Icons/Material/Editing; sourceTree = "<group>"; };
		3849B25C1E651BE300A86586 /* Files */ = {isa = PBXFileReference; lastKnownFileType = folder; name = Files; path = Icons/Material/Files; sourceTree = "<group>"; };
		3849B25D1E651BE300A86586 /* Finance */ = {isa = PBXFileReference; lastKnownFileType = folder; name = Finance; path = Icons/Material/Finance; sourceTree = "<group>"; };
		3849B25E1E651BE300A86586 /* Folders */ = {isa = PBXFileReference; lastKnownFileType = folder; name = Folders; path = Icons/Material/Folders; sourceTree = "<group>"; };
		3849B25F1E651BE300A86586 /* Food */ = {isa = PBXFileReference; lastKnownFileType = folder; name = Food; path = Icons/Material/Food; sourceTree = "<group>"; };
		3849B2601E651BE300A86586 /* Gaming */ = {isa = PBXFileReference; lastKnownFileType = folder; name = Gaming; path = Icons/Material/Gaming; sourceTree = "<group>"; };
		3849B2611E651BE300A86586 /* Hands */ = {isa = PBXFileReference; lastKnownFileType = folder; name = Hands; path = Icons/Material/Hands; sourceTree = "<group>"; };
		3849B2621E651BE300A86586 /* Healthcare */ = {isa = PBXFileReference; lastKnownFileType = folder; name = Healthcare; path = Icons/Material/Healthcare; sourceTree = "<group>"; };
		3849B2631E651BE300A86586 /* Holidays */ = {isa = PBXFileReference; lastKnownFileType = folder; name = Holidays; path = Icons/Material/Holidays; sourceTree = "<group>"; };
		3849B2641E651BE300A86586 /* Household */ = {isa = PBXFileReference; lastKnownFileType = folder; name = Household; path = Icons/Material/Household; sourceTree = "<group>"; };
		3849B2651E651BE300A86586 /* Industry */ = {isa = PBXFileReference; lastKnownFileType = folder; name = Industry; path = Icons/Material/Industry; sourceTree = "<group>"; };
		3849B2661E651BE300A86586 /* Logos */ = {isa = PBXFileReference; lastKnownFileType = folder; name = Logos; path = Icons/Material/Logos; sourceTree = "<group>"; };
		3849B2671E651BE300A86586 /* Maps */ = {isa = PBXFileReference; lastKnownFileType = folder; name = Maps; path = Icons/Material/Maps; sourceTree = "<group>"; };
		3849B2681E651BE300A86586 /* Media_Controls */ = {isa = PBXFileReference; lastKnownFileType = folder; name = Media_Controls; path = Icons/Material/Media_Controls; sourceTree = "<group>"; };
		3849B2691E651BE300A86586 /* Messaging */ = {isa = PBXFileReference; lastKnownFileType = folder; name = Messaging; path = Icons/Material/Messaging; sourceTree = "<group>"; };
		3849B26A1E651BE300A86586 /* Military */ = {isa = PBXFileReference; lastKnownFileType = folder; name = Military; path = Icons/Material/Military; sourceTree = "<group>"; };
		3849B26B1E651BE300A86586 /* Mobile */ = {isa = PBXFileReference; lastKnownFileType = folder; name = Mobile; path = Icons/Material/Mobile; sourceTree = "<group>"; };
		3849B26C1E651BE300A86586 /* Music */ = {isa = PBXFileReference; lastKnownFileType = folder; name = Music; path = Icons/Material/Music; sourceTree = "<group>"; };
		3849B26D1E651BE300A86586 /* Network */ = {isa = PBXFileReference; lastKnownFileType = folder; name = Network; path = Icons/Material/Network; sourceTree = "<group>"; };
		3849B26E1E651BE300A86586 /* Objects */ = {isa = PBXFileReference; lastKnownFileType = folder; name = Objects; path = Icons/Material/Objects; sourceTree = "<group>"; };
		3849B26F1E651BE300A86586 /* Operating_Systems */ = {isa = PBXFileReference; lastKnownFileType = folder; name = Operating_Systems; path = Icons/Material/Operating_Systems; sourceTree = "<group>"; };
		3849B2701E651BE300A86586 /* Photo_Video */ = {isa = PBXFileReference; lastKnownFileType = folder; name = Photo_Video; path = Icons/Material/Photo_Video; sourceTree = "<group>"; };
		3849B2711E651BE300A86586 /* Plants */ = {isa = PBXFileReference; lastKnownFileType = folder; name = Plants; path = Icons/Material/Plants; sourceTree = "<group>"; };
		3849B2721E651BE300A86586 /* Printing */ = {isa = PBXFileReference; lastKnownFileType = folder; name = Printing; path = Icons/Material/Printing; sourceTree = "<group>"; };
		3849B2731E651BE300A86586 /* Programming */ = {isa = PBXFileReference; lastKnownFileType = folder; name = Programming; path = Icons/Material/Programming; sourceTree = "<group>"; };
		3849B2741E651BE300A86586 /* Science */ = {isa = PBXFileReference; lastKnownFileType = folder; name = Science; path = Icons/Material/Science; sourceTree = "<group>"; };
		3849B2751E651BE300A86586 /* Sciences */ = {isa = PBXFileReference; lastKnownFileType = folder; name = Sciences; path = Icons/Material/Sciences; sourceTree = "<group>"; };
		3849B2761E651BE300A86586 /* Security */ = {isa = PBXFileReference; lastKnownFileType = folder; name = Security; path = Icons/Material/Security; sourceTree = "<group>"; };
		3849B2771E651BE300A86586 /* Shopping */ = {isa = PBXFileReference; lastKnownFileType = folder; name = Shopping; path = Icons/Material/Shopping; sourceTree = "<group>"; };
		3849B2781E651BE300A86586 /* Social_Networks */ = {isa = PBXFileReference; lastKnownFileType = folder; name = Social_Networks; path = Icons/Material/Social_Networks; sourceTree = "<group>"; };
		3849B2791E651BE300A86586 /* Sports */ = {isa = PBXFileReference; lastKnownFileType = folder; name = Sports; path = Icons/Material/Sports; sourceTree = "<group>"; };
		3849B27A1E651BE300A86586 /* Time_And_Date */ = {isa = PBXFileReference; lastKnownFileType = folder; name = Time_And_Date; path = Icons/Material/Time_And_Date; sourceTree = "<group>"; };
		3849B27B1E651BE300A86586 /* Transport */ = {isa = PBXFileReference; lastKnownFileType = folder; name = Transport; path = Icons/Material/Transport; sourceTree = "<group>"; };
		3849B27C1E651BE300A86586 /* Travel */ = {isa = PBXFileReference; lastKnownFileType = folder; name = Travel; path = Icons/Material/Travel; sourceTree = "<group>"; };
		3849B27D1E651BE300A86586 /* User_Interface */ = {isa = PBXFileReference; lastKnownFileType = folder; name = User_Interface; path = Icons/Material/User_Interface; sourceTree = "<group>"; };
		3849B27E1E651BE300A86586 /* Users */ = {isa = PBXFileReference; lastKnownFileType = folder; name = Users; path = Icons/Material/Users; sourceTree = "<group>"; };
		3849B27F1E651BE300A86586 /* Very_Basic */ = {isa = PBXFileReference; lastKnownFileType = folder; name = Very_Basic; path = Icons/Material/Very_Basic; sourceTree = "<group>"; };
		3849B2801E651BE300A86586 /* Weather */ = {isa = PBXFileReference; lastKnownFileType = folder; name = Weather; path = Icons/Material/Weather; sourceTree = "<group>"; };
		3849B2B61E651CAB00A86586 /* UIColor.swift */ = {isa = PBXFileReference; fileEncoding = 4; lastKnownFileType = sourcecode.swift; path = UIColor.swift; sourceTree = "<group>"; };
		3849B2B81E651CD400A86586 /* UIImage+UIImageView.swift */ = {isa = PBXFileReference; fileEncoding = 4; lastKnownFileType = sourcecode.swift; path = "UIImage+UIImageView.swift"; sourceTree = "<group>"; };
		3849B2BA1E651D6300A86586 /* String.swift */ = {isa = PBXFileReference; fileEncoding = 4; lastKnownFileType = sourcecode.swift; path = String.swift; sourceTree = "<group>"; };
		3849B2BC1E651D9600A86586 /* NSMutableAttributedString.swift */ = {isa = PBXFileReference; fileEncoding = 4; lastKnownFileType = sourcecode.swift; path = NSMutableAttributedString.swift; sourceTree = "<group>"; };
		3849B2BE1E651E4600A86586 /* UIView.swift */ = {isa = PBXFileReference; fileEncoding = 4; lastKnownFileType = sourcecode.swift; path = UIView.swift; sourceTree = "<group>"; };
		38E624FA1E63AF9C003DC7B0 /* NTComponents Demo.app */ = {isa = PBXFileReference; explicitFileType = wrapper.application; includeInIndex = 0; path = "NTComponents Demo.app"; sourceTree = BUILT_PRODUCTS_DIR; };
		38E625101E63B4B7003DC7B0 /* DiscardableImageCacheItem.swift */ = {isa = PBXFileReference; fileEncoding = 4; lastKnownFileType = sourcecode.swift; path = DiscardableImageCacheItem.swift; sourceTree = "<group>"; };
		38E625121E63B4CA003DC7B0 /* NTImageView.swift */ = {isa = PBXFileReference; fileEncoding = 4; lastKnownFileType = sourcecode.swift; path = NTImageView.swift; sourceTree = "<group>"; };
		38E625131E63B4CA003DC7B0 /* Datasource.swift */ = {isa = PBXFileReference; fileEncoding = 4; lastKnownFileType = sourcecode.swift; path = Datasource.swift; sourceTree = "<group>"; };
		38E625141E63B4CA003DC7B0 /* DatasourceCell.swift */ = {isa = PBXFileReference; fileEncoding = 4; lastKnownFileType = sourcecode.swift; path = DatasourceCell.swift; sourceTree = "<group>"; };
		38E625151E63B4CA003DC7B0 /* DatasourceController.swift */ = {isa = PBXFileReference; fileEncoding = 4; lastKnownFileType = sourcecode.swift; path = DatasourceController.swift; sourceTree = "<group>"; };
		38E625161E63B4CA003DC7B0 /* DefaultCells.swift */ = {isa = PBXFileReference; fileEncoding = 4; lastKnownFileType = sourcecode.swift; path = DefaultCells.swift; sourceTree = "<group>"; };
		38E6251E1E63BA05003DC7B0 /* NTCollectionViewController.swift */ = {isa = PBXFileReference; fileEncoding = 4; lastKnownFileType = sourcecode.swift; path = NTCollectionViewController.swift; sourceTree = "<group>"; };
		38E6253E1E64BE8B003DC7B0 /* NTCollectionDatasource.swift */ = {isa = PBXFileReference; fileEncoding = 4; lastKnownFileType = sourcecode.swift; path = NTCollectionDatasource.swift; sourceTree = "<group>"; };
		38E625401E64BEBD003DC7B0 /* NTCollectionViewCell.swift */ = {isa = PBXFileReference; fileEncoding = 4; lastKnownFileType = sourcecode.swift; path = NTCollectionViewCell.swift; sourceTree = "<group>"; };
		38F572721E64CCD100E8F995 /* iOS Icons.swift */ = {isa = PBXFileReference; fileEncoding = 4; lastKnownFileType = sourcecode.swift; path = "iOS Icons.swift"; sourceTree = "<group>"; };
/* End PBXFileReference section */

/* Begin PBXFrameworksBuildPhase section */
		3818F6D31E5BDEA600902E23 /* Frameworks */ = {
			isa = PBXFrameworksBuildPhase;
			buildActionMask = 2147483647;
			files = (
			);
			runOnlyForDeploymentPostprocessing = 0;
		};
		38E624F71E63AF9C003DC7B0 /* Frameworks */ = {
			isa = PBXFrameworksBuildPhase;
			buildActionMask = 2147483647;
			files = (
			);
			runOnlyForDeploymentPostprocessing = 0;
		};
/* End PBXFrameworksBuildPhase section */

/* Begin PBXGroup section */
		3818F6CD1E5BDEA600902E23 = {
			isa = PBXGroup;
			children = (
				3818F70E1E5BE05800902E23 /* NTComponents.podspec */,
				3818F6E41E5BDED000902E23 /* LICENSE */,
				3818F6D91E5BDEA600902E23 /* NTComponents */,
				3818F6D81E5BDEA600902E23 /* Products */,
			);
			sourceTree = "<group>";
		};
		3818F6D81E5BDEA600902E23 /* Products */ = {
			isa = PBXGroup;
			children = (
				3818F6D71E5BDEA600902E23 /* NTComponents.framework */,
				38E624FA1E63AF9C003DC7B0 /* NTComponents Demo.app */,
			);
			name = Products;
			sourceTree = "<group>";
		};
		3818F6D91E5BDEA600902E23 /* NTComponents */ = {
			isa = PBXGroup;
			children = (
				3818F6DA1E5BDEA600902E23 /* NTComponents.h */,
				3849B2C01E651E6F00A86586 /* Extensions */,
				38E6251D1E63B912003DC7B0 /* LBTA Components */,
				3818F76D1E5BF0F100902E23 /* Views */,
				3818F76A1E5BF06C00902E23 /* Controllers */,
				3818F6F31E5BDF5000902E23 /* NTLoginViewController.swift */,
				3818F6F41E5BDF5000902E23 /* NTSearchViewController.swift */,
				38E6251C1E63B4DA003DC7B0 /* Models */,
				3818F76C1E5BF0E300902E23 /* Resources */,
				3818F76E1E5BF0FB00902E23 /* Functionality */,
				3818F6DB1E5BDEA600902E23 /* Info.plist */,
			);
			path = NTComponents;
			sourceTree = "<group>";
		};
		3818F76A1E5BF06C00902E23 /* Controllers */ = {
			isa = PBXGroup;
			children = (
				3818F6EC1E5BDF5000902E23 /* NTViewController.swift */,
				38E625441E64BF3D003DC7B0 /* Navigation */,
				38E625431E64BF20003DC7B0 /* Table */,
				38E625421E64BEE6003DC7B0 /* Collection */,
			);
			name = Controllers;
			sourceTree = "<group>";
		};
		3818F76C1E5BF0E300902E23 /* Resources */ = {
			isa = PBXGroup;
			children = (
				3818F70C1E5BDF8600902E23 /* Assets.xcassets */,
				3849B1671E64D43300A86586 /* Icons */,
				383850461E64C9BB001BADFB /* Fonts */,
			);
			name = Resources;
			sourceTree = "<group>";
		};
		3818F76D1E5BF0F100902E23 /* Views */ = {
			isa = PBXGroup;
			children = (
				3818F6EA1E5BDF5000902E23 /* NTView.swift */,
				3818F6EB1E5BDF5000902E23 /* NTToolbar.swift */,
				3830D6751E62A7F4005C9A31 /* NTLabel.swift */,
				3830D6771E62A7FD005C9A31 /* NTTextView.swift */,
				3830D6791E62A864005C9A31 /* NTButton.swift */,
				38E625121E63B4CA003DC7B0 /* NTImageView.swift */,
			);
			name = Views;
			sourceTree = "<group>";
		};
		3818F76E1E5BF0FB00902E23 /* Functionality */ = {
			isa = PBXGroup;
			children = (
				3818F6F71E5BDF5000902E23 /* Toast.swift */,
				3818F6F91E5BDF5000902E23 /* Log.swift */,
				3818F6FA1E5BDF5000902E23 /* ProgressHUD.swift */,
			);
			name = Functionality;
			sourceTree = "<group>";
		};
		3818F78B1E5C0EF900902E23 /* Roboto */ = {
			isa = PBXGroup;
			children = (
				3838502C1E64C982001BADFB /* Roboto-Black.ttf */,
				3838502D1E64C982001BADFB /* Roboto-BlackItalic.ttf */,
				3838502E1E64C982001BADFB /* Roboto-Bold.ttf */,
				3838502F1E64C982001BADFB /* Roboto-BoldItalic.ttf */,
				383850301E64C982001BADFB /* Roboto-Italic.ttf */,
				383850311E64C982001BADFB /* Roboto-Light.ttf */,
				383850321E64C982001BADFB /* Roboto-LightItalic.ttf */,
				383850331E64C982001BADFB /* Roboto-Medium.ttf */,
				383850341E64C982001BADFB /* Roboto-MediumItalic.ttf */,
				383850351E64C982001BADFB /* Roboto-Regular.ttf */,
				383850361E64C982001BADFB /* Roboto-Thin.ttf */,
				383850371E64C982001BADFB /* Roboto-ThinItalic.ttf */,
			);
			name = Roboto;
			sourceTree = "<group>";
		};
		3818F78E1E5C0F2100902E23 /* Babas Neue */ = {
			isa = PBXGroup;
			children = (
				383850441E64C9B7001BADFB /* BebasNeue.otf */,
			);
			name = "Babas Neue";
			sourceTree = "<group>";
		};
		383850461E64C9BB001BADFB /* Fonts */ = {
			isa = PBXGroup;
			children = (
				3818F78E1E5C0F2100902E23 /* Babas Neue */,
				3818F78B1E5C0EF900902E23 /* Roboto */,
			);
			name = Fonts;
			sourceTree = "<group>";
		};
		3849B1671E64D43300A86586 /* Icons */ = {
			isa = PBXGroup;
			children = (
				3849B24B1E651BD100A86586 /* Material */,
				3849B2481E6519AA00A86586 /* iOS */,
			);
			name = Icons;
			sourceTree = "<group>";
		};
		3849B2481E6519AA00A86586 /* iOS */ = {
			isa = PBXGroup;
			children = (
				3849B1D81E6518DC00A86586 /* Alphabet */,
				3849B1D91E6518DC00A86586 /* Animals */,
				3849B1DA1E6518DC00A86586 /* Arrows */,
				3849B1DB1E6518DC00A86586 /* Astrology */,
				3849B1DC1E6518DC00A86586 /* Baby */,
				3849B1DD1E6518DC00A86586 /* Beauty */,
				3849B1DE1E6518DC00A86586 /* Business */,
				3849B1DF1E6518DC00A86586 /* Cinema */,
				3849B1E01E6518DC00A86586 /* City */,
				3849B1E11E6518DC00A86586 /* Clothing */,
				3849B1E21E6518DC00A86586 /* Computer_Hardware */,
				3849B1E31E6518DC00A86586 /* Crime */,
				3849B1E41E6518DC00A86586 /* Cultures */,
				3849B1E51E6518DC00A86586 /* Data */,
				3849B1E61E6518DC00A86586 /* DIY */,
				3849B1E71E6518DC00A86586 /* Drinks */,
				3849B1E81E6518DC00A86586 /* Ecommerce */,
				3849B1E91E6518DC00A86586 /* Editing */,
				3849B1EA1E6518DC00A86586 /* File_Types */,
				3849B1EB1E6518DC00A86586 /* Finance */,
				3849B1EC1E6518DC00A86586 /* Folders */,
				3849B1ED1E6518DC00A86586 /* Food */,
				3849B1EE1E6518DC00A86586 /* Gaming */,
				3849B1EF1E6518DC00A86586 /* Hands */,
				3849B1F01E6518DC00A86586 /* Healthcare */,
				3849B1F11E6518DC00A86586 /* Holidays */,
				3849B1F21E6518DC00A86586 /* Household */,
				3849B1F31E6518DC00A86586 /* Image_Edition_Tools */,
				3849B1F41E6518DC00A86586 /* Industry */,
				3849B1F51E6518DC00A86586 /* Logos */,
				3849B1F61E6518DC00A86586 /* Maps */,
				3849B1F71E6518DC00A86586 /* Media_Controls */,
				3849B1F81E6518DC00A86586 /* Messaging */,
				3849B1F91E6518DC00A86586 /* Military */,
				3849B1FA1E6518DC00A86586 /* Mobile */,
				3849B1FB1E6518DD00A86586 /* Music */,
				3849B1FC1E6518DD00A86586 /* Nature */,
				3849B1FD1E6518DD00A86586 /* Network */,
				3849B1FE1E6518DD00A86586 /* Objects */,
				3849B1FF1E6518DD00A86586 /* Operating_Systems */,
				3849B2001E6518DD00A86586 /* Photo_Video */,
				3849B2011E6518DD00A86586 /* Plants */,
				3849B2021E6518DD00A86586 /* Printing */,
				3849B2031E6518DD00A86586 /* Programming */,
				3849B2041E6518DD00A86586 /* Science */,
				3849B2051E6518DD00A86586 /* Sciences */,
				3849B2061E6518DD00A86586 /* Security */,
				3849B2071E6518DD00A86586 /* Social_Networks */,
				3849B2081E6518DD00A86586 /* Sports */,
				3849B2091E6518DD00A86586 /* Time_And_Date */,
				3849B20A1E6518DD00A86586 /* Transport */,
				3849B20B1E6518DD00A86586 /* Travel */,
				3849B20C1E6518DD00A86586 /* User_Interface */,
				3849B20D1E6518DD00A86586 /* Users */,
				3849B20E1E6518DD00A86586 /* Very_Basic */,
				3849B20F1E6518DD00A86586 /* Weather */,
			);
			name = iOS;
			sourceTree = "<group>";
		};
		3849B24B1E651BD100A86586 /* Material */ = {
			isa = PBXGroup;
			children = (
				3849B24C1E651BE300A86586 /* Alphabet */,
				3849B24D1E651BE300A86586 /* Animals */,
				3849B24E1E651BE300A86586 /* Arrows */,
				3849B24F1E651BE300A86586 /* Astrology */,
				3849B2501E651BE300A86586 /* Baby */,
				3849B2511E651BE300A86586 /* Beauty */,
				3849B2521E651BE300A86586 /* Business */,
				3849B2531E651BE300A86586 /* Cinema */,
				3849B2541E651BE300A86586 /* City */,
				3849B2551E651BE300A86586 /* Clothing */,
				3849B2561E651BE300A86586 /* Computer_Hardware */,
				3849B2571E651BE300A86586 /* Cultures */,
				3849B2581E651BE300A86586 /* Data */,
				3849B2591E651BE300A86586 /* DIY */,
				3849B25A1E651BE300A86586 /* Ecommerce */,
				3849B25B1E651BE300A86586 /* Editing */,
				3849B25C1E651BE300A86586 /* Files */,
				3849B25D1E651BE300A86586 /* Finance */,
				3849B25E1E651BE300A86586 /* Folders */,
				3849B25F1E651BE300A86586 /* Food */,
				3849B2601E651BE300A86586 /* Gaming */,
				3849B2611E651BE300A86586 /* Hands */,
				3849B2621E651BE300A86586 /* Healthcare */,
				3849B2631E651BE300A86586 /* Holidays */,
				3849B2641E651BE300A86586 /* Household */,
				3849B2651E651BE300A86586 /* Industry */,
				3849B2661E651BE300A86586 /* Logos */,
				3849B2671E651BE300A86586 /* Maps */,
				3849B2681E651BE300A86586 /* Media_Controls */,
				3849B2691E651BE300A86586 /* Messaging */,
				3849B26A1E651BE300A86586 /* Military */,
				3849B26B1E651BE300A86586 /* Mobile */,
				3849B26C1E651BE300A86586 /* Music */,
				3849B26D1E651BE300A86586 /* Network */,
				3849B26E1E651BE300A86586 /* Objects */,
				3849B26F1E651BE300A86586 /* Operating_Systems */,
				3849B2701E651BE300A86586 /* Photo_Video */,
				3849B2711E651BE300A86586 /* Plants */,
				3849B2721E651BE300A86586 /* Printing */,
				3849B2731E651BE300A86586 /* Programming */,
				3849B2741E651BE300A86586 /* Science */,
				3849B2751E651BE300A86586 /* Sciences */,
				3849B2761E651BE300A86586 /* Security */,
				3849B2771E651BE300A86586 /* Shopping */,
				3849B2781E651BE300A86586 /* Social_Networks */,
				3849B2791E651BE300A86586 /* Sports */,
				3849B27A1E651BE300A86586 /* Time_And_Date */,
				3849B27B1E651BE300A86586 /* Transport */,
				3849B27C1E651BE300A86586 /* Travel */,
				3849B27D1E651BE300A86586 /* User_Interface */,
				3849B27E1E651BE300A86586 /* Users */,
				3849B27F1E651BE300A86586 /* Very_Basic */,
				3849B2801E651BE300A86586 /* Weather */,
			);
			name = Material;
			sourceTree = "<group>";
		};
		3849B2C01E651E6F00A86586 /* Extensions */ = {
			isa = PBXGroup;
			children = (
				3849B2BA1E651D6300A86586 /* String.swift */,
				3849B2BC1E651D9600A86586 /* NSMutableAttributedString.swift */,
				3849B2B61E651CAB00A86586 /* UIColor.swift */,
				3849B2B81E651CD400A86586 /* UIImage+UIImageView.swift */,
				3849B2BE1E651E4600A86586 /* UIView.swift */,
				3818F6E71E5BDF3A00902E23 /* ViewController.swift */,
			);
			name = Extensions;
			sourceTree = "<group>";
		};
		38E6251C1E63B4DA003DC7B0 /* Models */ = {
			isa = PBXGroup;
			children = (
				3818F6F51E5BDF5000902E23 /* Icon.swift */,
				38F572721E64CCD100E8F995 /* iOS Icons.swift */,
				3849B2491E6519E100A86586 /* Material Icons.swift */,
				3818F6F61E5BDF5000902E23 /* Color.swift */,
				3818F7711E5BF78C00902E23 /* Font.swift */,
			);
			name = Models;
			sourceTree = "<group>";
		};
		38E6251D1E63B912003DC7B0 /* LBTA Components */ = {
			isa = PBXGroup;
			children = (
				38E625131E63B4CA003DC7B0 /* Datasource.swift */,
				38E625141E63B4CA003DC7B0 /* DatasourceCell.swift */,
				38E625151E63B4CA003DC7B0 /* DatasourceController.swift */,
				38E625161E63B4CA003DC7B0 /* DefaultCells.swift */,
				38E625101E63B4B7003DC7B0 /* DiscardableImageCacheItem.swift */,
				3818F76F1E5BF23B00902E23 /* UIView+AutoLayout.swift */,
			);
			name = "LBTA Components";
			sourceTree = "<group>";
		};
		38E625421E64BEE6003DC7B0 /* Collection */ = {
			isa = PBXGroup;
			children = (
				38E6251E1E63BA05003DC7B0 /* NTCollectionViewController.swift */,
				38E6253E1E64BE8B003DC7B0 /* NTCollectionDatasource.swift */,
				38E625401E64BEBD003DC7B0 /* NTCollectionViewCell.swift */,
			);
			name = Collection;
			sourceTree = "<group>";
		};
		38E625431E64BF20003DC7B0 /* Table */ = {
			isa = PBXGroup;
			children = (
				3818F6ED1E5BDF5000902E23 /* NTTableViewController.swift */,
				3818F6EE1E5BDF5000902E23 /* NTTableView.swift */,
				3818F6EF1E5BDF5000902E23 /* NTTableViewCell.swift */,
			);
			name = Table;
			sourceTree = "<group>";
		};
		38E625441E64BF3D003DC7B0 /* Navigation */ = {
			isa = PBXGroup;
			children = (
				3818F6F01E5BDF5000902E23 /* NTPageViewController.swift */,
				3818F6F11E5BDF5000902E23 /* NTTabBarController.swift */,
				3830D67B1E62A895005C9A31 /* NTNavigationController.swift */,
				3818F6F21E5BDF5000902E23 /* NTNavigationContainer.swift */,
			);
			name = Navigation;
			sourceTree = "<group>";
		};
/* End PBXGroup section */

/* Begin PBXHeadersBuildPhase section */
		3818F6D41E5BDEA600902E23 /* Headers */ = {
			isa = PBXHeadersBuildPhase;
			buildActionMask = 2147483647;
			files = (
				3818F6DC1E5BDEA600902E23 /* NTComponents.h in Headers */,
			);
			runOnlyForDeploymentPostprocessing = 0;
		};
/* End PBXHeadersBuildPhase section */

/* Begin PBXNativeTarget section */
		3818F6D61E5BDEA600902E23 /* NTComponents */ = {
			isa = PBXNativeTarget;
			buildConfigurationList = 3818F6DF1E5BDEA600902E23 /* Build configuration list for PBXNativeTarget "NTComponents" */;
			buildPhases = (
				3818F6D21E5BDEA600902E23 /* Sources */,
				3818F6D31E5BDEA600902E23 /* Frameworks */,
				3818F6D41E5BDEA600902E23 /* Headers */,
				3818F6D51E5BDEA600902E23 /* Resources */,
			);
			buildRules = (
			);
			dependencies = (
			);
			name = NTComponents;
			productName = NTComponents;
			productReference = 3818F6D71E5BDEA600902E23 /* NTComponents.framework */;
			productType = "com.apple.product-type.framework";
		};
		38E624F91E63AF9C003DC7B0 /* NTComponents Demo */ = {
			isa = PBXNativeTarget;
			buildConfigurationList = 38E6250E1E63AF9C003DC7B0 /* Build configuration list for PBXNativeTarget "NTComponents Demo" */;
			buildPhases = (
				38E624F61E63AF9C003DC7B0 /* Sources */,
				38E624F71E63AF9C003DC7B0 /* Frameworks */,
				38E624F81E63AF9C003DC7B0 /* Resources */,
			);
			buildRules = (
			);
			dependencies = (
			);
			name = "NTComponents Demo";
			productName = "NTComponents Demo";
			productReference = 38E624FA1E63AF9C003DC7B0 /* NTComponents Demo.app */;
			productType = "com.apple.product-type.application";
		};
/* End PBXNativeTarget section */

/* Begin PBXProject section */
		3818F6CE1E5BDEA600902E23 /* Project object */ = {
			isa = PBXProject;
			attributes = {
				LastSwiftUpdateCheck = 0820;
				LastUpgradeCheck = 0820;
				ORGANIZATIONNAME = "Nathan Tannar";
				TargetAttributes = {
					3818F6D61E5BDEA600902E23 = {
						CreatedOnToolsVersion = 8.2.1;
						DevelopmentTeam = 9EUCWD26TP;
						ProvisioningStyle = Automatic;
					};
					38E624F91E63AF9C003DC7B0 = {
						CreatedOnToolsVersion = 8.2.1;
						DevelopmentTeam = 9EUCWD26TP;
						ProvisioningStyle = Automatic;
					};
				};
			};
			buildConfigurationList = 3818F6D11E5BDEA600902E23 /* Build configuration list for PBXProject "NTComponents" */;
			compatibilityVersion = "Xcode 3.2";
			developmentRegion = English;
			hasScannedForEncodings = 0;
			knownRegions = (
				en,
				Base,
			);
			mainGroup = 3818F6CD1E5BDEA600902E23;
			productRefGroup = 3818F6D81E5BDEA600902E23 /* Products */;
			projectDirPath = "";
			projectRoot = "";
			targets = (
				3818F6D61E5BDEA600902E23 /* NTComponents */,
				38E624F91E63AF9C003DC7B0 /* NTComponents Demo */,
			);
		};
/* End PBXProject section */

/* Begin PBXResourcesBuildPhase section */
		3818F6D51E5BDEA600902E23 /* Resources */ = {
			isa = PBXResourcesBuildPhase;
			buildActionMask = 2147483647;
			files = (
				3849B2451E6518DD00A86586 /* Users in Resources */,
				3849B2A31E651BE300A86586 /* Objects in Resources */,
				3849B28F1E651BE300A86586 /* Ecommerce in Resources */,
				3849B2241E6518DD00A86586 /* Folders in Resources */,
				3849B2151E6518DD00A86586 /* Beauty in Resources */,
				3849B2AE1E651BE300A86586 /* Sports in Resources */,
				3838503A1E64C982001BADFB /* Roboto-Bold.ttf in Resources */,
				3849B2431E6518DD00A86586 /* Travel in Resources */,
				3849B2401E6518DD00A86586 /* Sports in Resources */,
				3849B2891E651BE300A86586 /* City in Resources */,
				3849B2411E6518DD00A86586 /* Time_And_Date in Resources */,
				3849B2941E651BE300A86586 /* Food in Resources */,
				3849B2911E651BE300A86586 /* Files in Resources */,
				3849B2A51E651BE300A86586 /* Photo_Video in Resources */,
				3849B22C1E6518DD00A86586 /* Industry in Resources */,
				3849B2301E6518DD00A86586 /* Messaging in Resources */,
				3849B2B51E651BE300A86586 /* Weather in Resources */,
				3849B2AF1E651BE300A86586 /* Time_And_Date in Resources */,
				3849B2171E6518DD00A86586 /* Cinema in Resources */,
				3849B29B1E651BE300A86586 /* Logos in Resources */,
				3849B2361E6518DD00A86586 /* Objects in Resources */,
				3849B2B01E651BE300A86586 /* Transport in Resources */,
				3849B29E1E651BE300A86586 /* Messaging in Resources */,
				3849B2111E6518DD00A86586 /* Animals in Resources */,
				3849B22A1E6518DD00A86586 /* Household in Resources */,
				3849B29A1E651BE300A86586 /* Industry in Resources */,
				3849B28E1E651BE300A86586 /* DIY in Resources */,
				3849B2AA1E651BE300A86586 /* Sciences in Resources */,
				3849B2B31E651BE300A86586 /* Users in Resources */,
				3849B21F1E6518DD00A86586 /* Drinks in Resources */,
				3849B2321E6518DD00A86586 /* Mobile in Resources */,
				3849B2871E651BE300A86586 /* Business in Resources */,
				3818F6E51E5BDED000902E23 /* LICENSE in Resources */,
				3849B2351E6518DD00A86586 /* Network in Resources */,
				3818F70F1E5BE05800902E23 /* NTComponents.podspec in Resources */,
				3849B28C1E651BE300A86586 /* Cultures in Resources */,
				3849B2861E651BE300A86586 /* Beauty in Resources */,
				3849B2881E651BE300A86586 /* Cinema in Resources */,
				3849B2B41E651BE300A86586 /* Very_Basic in Resources */,
				3849B2161E6518DD00A86586 /* Business in Resources */,
				3849B2A11E651BE300A86586 /* Music in Resources */,
				3849B23A1E6518DD00A86586 /* Printing in Resources */,
				3849B28A1E651BE300A86586 /* Clothing in Resources */,
				3849B2471E6518DD00A86586 /* Weather in Resources */,
				3849B2281E6518DD00A86586 /* Healthcare in Resources */,
				3849B2121E6518DD00A86586 /* Arrows in Resources */,
				3849B2AB1E651BE300A86586 /* Security in Resources */,
				3849B2811E651BE300A86586 /* Alphabet in Resources */,
				3849B2191E6518DD00A86586 /* Clothing in Resources */,
				3849B21A1E6518DD00A86586 /* Computer_Hardware in Resources */,
				3849B29C1E651BE300A86586 /* Maps in Resources */,
				3849B2B11E651BE300A86586 /* Travel in Resources */,
				383850411E64C982001BADFB /* Roboto-Regular.ttf in Resources */,
				3838503C1E64C982001BADFB /* Roboto-Italic.ttf in Resources */,
				3849B2311E6518DD00A86586 /* Military in Resources */,
				3849B2441E6518DD00A86586 /* User_Interface in Resources */,
				3849B2821E651BE300A86586 /* Animals in Resources */,
				3849B2381E6518DD00A86586 /* Photo_Video in Resources */,
				3849B2131E6518DD00A86586 /* Astrology in Resources */,
				383850381E64C982001BADFB /* Roboto-Black.ttf in Resources */,
				3838503E1E64C982001BADFB /* Roboto-LightItalic.ttf in Resources */,
				3849B2A61E651BE300A86586 /* Plants in Resources */,
				3849B28B1E651BE300A86586 /* Computer_Hardware in Resources */,
				3849B29F1E651BE300A86586 /* Military in Resources */,
				3849B2931E651BE300A86586 /* Folders in Resources */,
				3818F70D1E5BDF8600902E23 /* Assets.xcassets in Resources */,
				3849B2181E6518DD00A86586 /* City in Resources */,
				383850451E64C9B7001BADFB /* BebasNeue.otf in Resources */,
				3849B22F1E6518DD00A86586 /* Media_Controls in Resources */,
				3849B2421E6518DD00A86586 /* Transport in Resources */,
				3849B2991E651BE300A86586 /* Household in Resources */,
				3849B2961E651BE300A86586 /* Hands in Resources */,
				383850401E64C982001BADFB /* Roboto-MediumItalic.ttf in Resources */,
				3849B2251E6518DD00A86586 /* Food in Resources */,
				3849B21D1E6518DD00A86586 /* Data in Resources */,
				3849B22E1E6518DD00A86586 /* Maps in Resources */,
				383850421E64C982001BADFB /* Roboto-Thin.ttf in Resources */,
				3849B21E1E6518DD00A86586 /* DIY in Resources */,
				3849B2201E6518DD00A86586 /* Ecommerce in Resources */,
				3849B2A01E651BE300A86586 /* Mobile in Resources */,
				3849B2A91E651BE300A86586 /* Science in Resources */,
				3849B2A71E651BE300A86586 /* Printing in Resources */,
				3849B2101E6518DD00A86586 /* Alphabet in Resources */,
				3849B2851E651BE300A86586 /* Baby in Resources */,
				3849B28D1E651BE300A86586 /* Data in Resources */,
				3849B2831E651BE300A86586 /* Arrows in Resources */,
				3849B2A41E651BE300A86586 /* Operating_Systems in Resources */,
				3838503B1E64C982001BADFB /* Roboto-BoldItalic.ttf in Resources */,
				3849B2AC1E651BE300A86586 /* Shopping in Resources */,
				3849B2291E6518DD00A86586 /* Holidays in Resources */,
				3849B29D1E651BE300A86586 /* Media_Controls in Resources */,
				3849B22D1E6518DD00A86586 /* Logos in Resources */,
				3849B2211E6518DD00A86586 /* Editing in Resources */,
				3849B2A21E651BE300A86586 /* Network in Resources */,
				383850391E64C982001BADFB /* Roboto-BlackItalic.ttf in Resources */,
				3849B23C1E6518DD00A86586 /* Science in Resources */,
				3849B2371E6518DD00A86586 /* Operating_Systems in Resources */,
				3849B2221E6518DD00A86586 /* File_Types in Resources */,
				3849B2341E6518DD00A86586 /* Nature in Resources */,
				3849B2AD1E651BE300A86586 /* Social_Networks in Resources */,
				3838503D1E64C982001BADFB /* Roboto-Light.ttf in Resources */,
				3849B22B1E6518DD00A86586 /* Image_Edition_Tools in Resources */,
				3849B2841E651BE300A86586 /* Astrology in Resources */,
				3849B23E1E6518DD00A86586 /* Security in Resources */,
				3849B2331E6518DD00A86586 /* Music in Resources */,
				3849B2141E6518DD00A86586 /* Baby in Resources */,
				3849B21C1E6518DD00A86586 /* Cultures in Resources */,
				3849B2B21E651BE300A86586 /* User_Interface in Resources */,
				3849B2391E6518DD00A86586 /* Plants in Resources */,
				3849B21B1E6518DD00A86586 /* Crime in Resources */,
				3849B23D1E6518DD00A86586 /* Sciences in Resources */,
				3849B2901E651BE300A86586 /* Editing in Resources */,
				3849B2981E651BE300A86586 /* Holidays in Resources */,
				3849B2261E6518DD00A86586 /* Gaming in Resources */,
				3849B23B1E6518DD00A86586 /* Programming in Resources */,
				3838503F1E64C982001BADFB /* Roboto-Medium.ttf in Resources */,
				383850431E64C982001BADFB /* Roboto-ThinItalic.ttf in Resources */,
				3849B2461E6518DD00A86586 /* Very_Basic in Resources */,
				3849B2271E6518DD00A86586 /* Hands in Resources */,
				3849B2951E651BE300A86586 /* Gaming in Resources */,
				3849B2A81E651BE300A86586 /* Programming in Resources */,
				3849B2971E651BE300A86586 /* Healthcare in Resources */,
				3849B23F1E6518DD00A86586 /* Social_Networks in Resources */,
				3849B2231E6518DD00A86586 /* Finance in Resources */,
				3849B2921E651BE300A86586 /* Finance in Resources */,
			);
			runOnlyForDeploymentPostprocessing = 0;
		};
		38E624F81E63AF9C003DC7B0 /* Resources */ = {
			isa = PBXResourcesBuildPhase;
			buildActionMask = 2147483647;
			files = (
			);
			runOnlyForDeploymentPostprocessing = 0;
		};
/* End PBXResourcesBuildPhase section */

/* Begin PBXSourcesBuildPhase section */
		3818F6D21E5BDEA600902E23 /* Sources */ = {
			isa = PBXSourcesBuildPhase;
			buildActionMask = 2147483647;
			files = (
				3818F7011E5BDF5000902E23 /* NTPageViewController.swift in Sources */,
				38E6251B1E63B4CA003DC7B0 /* DefaultCells.swift in Sources */,
				38E6251A1E63B4CA003DC7B0 /* DatasourceController.swift in Sources */,
				3849B2BD1E651D9600A86586 /* NSMutableAttributedString.swift in Sources */,
				3818F7081E5BDF5000902E23 /* Toast.swift in Sources */,
				3818F70B1E5BDF5000902E23 /* ProgressHUD.swift in Sources */,
				3818F7031E5BDF5000902E23 /* NTNavigationContainer.swift in Sources */,
				38E625111E63B4B7003DC7B0 /* DiscardableImageCacheItem.swift in Sources */,
				3818F7061E5BDF5000902E23 /* Icon.swift in Sources */,
				3849B2BF1E651E4600A86586 /* UIView.swift in Sources */,
				3849B2BB1E651D6300A86586 /* String.swift in Sources */,
				3818F6E91E5BDF3A00902E23 /* ViewController.swift in Sources */,
				3818F6FB1E5BDF5000902E23 /* NTView.swift in Sources */,
				3818F7041E5BDF5000902E23 /* NTLoginViewController.swift in Sources */,
				3849B2B71E651CAB00A86586 /* UIColor.swift in Sources */,
				38E625411E64BEBD003DC7B0 /* NTCollectionViewCell.swift in Sources */,
				38E625181E63B4CA003DC7B0 /* Datasource.swift in Sources */,
				3830D67C1E62A895005C9A31 /* NTNavigationController.swift in Sources */,
				3830D6761E62A7F4005C9A31 /* NTLabel.swift in Sources */,
				3818F70A1E5BDF5000902E23 /* Log.swift in Sources */,
				3818F7021E5BDF5000902E23 /* NTTabBarController.swift in Sources */,
				3830D67A1E62A864005C9A31 /* NTButton.swift in Sources */,
				38E625191E63B4CA003DC7B0 /* DatasourceCell.swift in Sources */,
				3818F7071E5BDF5000902E23 /* Color.swift in Sources */,
				3818F6FF1E5BDF5000902E23 /* NTTableView.swift in Sources */,
				3818F6FE1E5BDF5000902E23 /* NTTableViewController.swift in Sources */,
				3818F7051E5BDF5000902E23 /* NTSearchViewController.swift in Sources */,
				38F572731E64CCD100E8F995 /* iOS Icons.swift in Sources */,
				38E625171E63B4CA003DC7B0 /* NTImageView.swift in Sources */,
				3818F7701E5BF23B00902E23 /* UIView+AutoLayout.swift in Sources */,
				38E6251F1E63BA05003DC7B0 /* NTCollectionViewController.swift in Sources */,
				3830D6781E62A7FD005C9A31 /* NTTextView.swift in Sources */,
				3818F7001E5BDF5000902E23 /* NTTableViewCell.swift in Sources */,
				3818F6FC1E5BDF5000902E23 /* NTToolbar.swift in Sources */,
				38E6253F1E64BE8B003DC7B0 /* NTCollectionDatasource.swift in Sources */,
				3818F7721E5BF78C00902E23 /* Font.swift in Sources */,
				3849B24A1E6519E100A86586 /* Material Icons.swift in Sources */,
				3849B2B91E651CD400A86586 /* UIImage+UIImageView.swift in Sources */,
				3818F6FD1E5BDF5000902E23 /* NTViewController.swift in Sources */,
			);
			runOnlyForDeploymentPostprocessing = 0;
		};
		38E624F61E63AF9C003DC7B0 /* Sources */ = {
			isa = PBXSourcesBuildPhase;
			buildActionMask = 2147483647;
			files = (
			);
			runOnlyForDeploymentPostprocessing = 0;
		};
/* End PBXSourcesBuildPhase section */

/* Begin XCBuildConfiguration section */
		3818F6DD1E5BDEA600902E23 /* Debug */ = {
			isa = XCBuildConfiguration;
			buildSettings = {
				ALWAYS_SEARCH_USER_PATHS = NO;
				CLANG_ANALYZER_NONNULL = YES;
				CLANG_CXX_LANGUAGE_STANDARD = "gnu++0x";
				CLANG_CXX_LIBRARY = "libc++";
				CLANG_ENABLE_MODULES = YES;
				CLANG_ENABLE_OBJC_ARC = YES;
				CLANG_WARN_BOOL_CONVERSION = YES;
				CLANG_WARN_CONSTANT_CONVERSION = YES;
				CLANG_WARN_DIRECT_OBJC_ISA_USAGE = YES_ERROR;
				CLANG_WARN_DOCUMENTATION_COMMENTS = YES;
				CLANG_WARN_EMPTY_BODY = YES;
				CLANG_WARN_ENUM_CONVERSION = YES;
				CLANG_WARN_INFINITE_RECURSION = YES;
				CLANG_WARN_INT_CONVERSION = YES;
				CLANG_WARN_OBJC_ROOT_CLASS = YES_ERROR;
				CLANG_WARN_SUSPICIOUS_MOVE = YES;
				CLANG_WARN_UNREACHABLE_CODE = YES;
				CLANG_WARN__DUPLICATE_METHOD_MATCH = YES;
				"CODE_SIGN_IDENTITY[sdk=iphoneos*]" = "iPhone Developer";
				COPY_PHASE_STRIP = NO;
				CURRENT_PROJECT_VERSION = 1;
				DEBUG_INFORMATION_FORMAT = dwarf;
				ENABLE_STRICT_OBJC_MSGSEND = YES;
				ENABLE_TESTABILITY = YES;
				GCC_C_LANGUAGE_STANDARD = gnu99;
				GCC_DYNAMIC_NO_PIC = NO;
				GCC_NO_COMMON_BLOCKS = YES;
				GCC_OPTIMIZATION_LEVEL = 0;
				GCC_PREPROCESSOR_DEFINITIONS = (
					"DEBUG=1",
					"$(inherited)",
				);
				GCC_WARN_64_TO_32_BIT_CONVERSION = YES;
				GCC_WARN_ABOUT_RETURN_TYPE = YES_ERROR;
				GCC_WARN_UNDECLARED_SELECTOR = YES;
				GCC_WARN_UNINITIALIZED_AUTOS = YES_AGGRESSIVE;
				GCC_WARN_UNUSED_FUNCTION = YES;
				GCC_WARN_UNUSED_VARIABLE = YES;
				IPHONEOS_DEPLOYMENT_TARGET = 10.2;
				MTL_ENABLE_DEBUG_INFO = YES;
				ONLY_ACTIVE_ARCH = YES;
				SDKROOT = iphoneos;
				SWIFT_ACTIVE_COMPILATION_CONDITIONS = DEBUG;
				SWIFT_OPTIMIZATION_LEVEL = "-Onone";
				TARGETED_DEVICE_FAMILY = "1,2";
				VERSIONING_SYSTEM = "apple-generic";
				VERSION_INFO_PREFIX = "";
			};
			name = Debug;
		};
		3818F6DE1E5BDEA600902E23 /* Release */ = {
			isa = XCBuildConfiguration;
			buildSettings = {
				ALWAYS_SEARCH_USER_PATHS = NO;
				CLANG_ANALYZER_NONNULL = YES;
				CLANG_CXX_LANGUAGE_STANDARD = "gnu++0x";
				CLANG_CXX_LIBRARY = "libc++";
				CLANG_ENABLE_MODULES = YES;
				CLANG_ENABLE_OBJC_ARC = YES;
				CLANG_WARN_BOOL_CONVERSION = YES;
				CLANG_WARN_CONSTANT_CONVERSION = YES;
				CLANG_WARN_DIRECT_OBJC_ISA_USAGE = YES_ERROR;
				CLANG_WARN_DOCUMENTATION_COMMENTS = YES;
				CLANG_WARN_EMPTY_BODY = YES;
				CLANG_WARN_ENUM_CONVERSION = YES;
				CLANG_WARN_INFINITE_RECURSION = YES;
				CLANG_WARN_INT_CONVERSION = YES;
				CLANG_WARN_OBJC_ROOT_CLASS = YES_ERROR;
				CLANG_WARN_SUSPICIOUS_MOVE = YES;
				CLANG_WARN_UNREACHABLE_CODE = YES;
				CLANG_WARN__DUPLICATE_METHOD_MATCH = YES;
				"CODE_SIGN_IDENTITY[sdk=iphoneos*]" = "iPhone Developer";
				COPY_PHASE_STRIP = NO;
				CURRENT_PROJECT_VERSION = 1;
				DEBUG_INFORMATION_FORMAT = "dwarf-with-dsym";
				ENABLE_NS_ASSERTIONS = NO;
				ENABLE_STRICT_OBJC_MSGSEND = YES;
				GCC_C_LANGUAGE_STANDARD = gnu99;
				GCC_NO_COMMON_BLOCKS = YES;
				GCC_WARN_64_TO_32_BIT_CONVERSION = YES;
				GCC_WARN_ABOUT_RETURN_TYPE = YES_ERROR;
				GCC_WARN_UNDECLARED_SELECTOR = YES;
				GCC_WARN_UNINITIALIZED_AUTOS = YES_AGGRESSIVE;
				GCC_WARN_UNUSED_FUNCTION = YES;
				GCC_WARN_UNUSED_VARIABLE = YES;
				IPHONEOS_DEPLOYMENT_TARGET = 10.2;
				MTL_ENABLE_DEBUG_INFO = NO;
				SDKROOT = iphoneos;
				SWIFT_OPTIMIZATION_LEVEL = "-Owholemodule";
				TARGETED_DEVICE_FAMILY = "1,2";
				VALIDATE_PRODUCT = YES;
				VERSIONING_SYSTEM = "apple-generic";
				VERSION_INFO_PREFIX = "";
			};
			name = Release;
		};
		3818F6E01E5BDEA600902E23 /* Debug */ = {
			isa = XCBuildConfiguration;
			buildSettings = {
				CODE_SIGN_IDENTITY = "";
				DEFINES_MODULE = YES;
				DEVELOPMENT_TEAM = 9EUCWD26TP;
				DYLIB_COMPATIBILITY_VERSION = 1;
				DYLIB_CURRENT_VERSION = 1;
				DYLIB_INSTALL_NAME_BASE = "@rpath";
				INFOPLIST_FILE = NTComponents/Info.plist;
				INSTALL_PATH = "$(LOCAL_LIBRARY_DIR)/Frameworks";
				LD_RUNPATH_SEARCH_PATHS = "$(inherited) @executable_path/Frameworks @loader_path/Frameworks";
				PRODUCT_BUNDLE_IDENTIFIER = me.nathantannar.NTComponents;
				PRODUCT_NAME = "$(TARGET_NAME)";
				SKIP_INSTALL = YES;
				SWIFT_VERSION = 3.0;
			};
			name = Debug;
		};
		3818F6E11E5BDEA600902E23 /* Release */ = {
			isa = XCBuildConfiguration;
			buildSettings = {
				CODE_SIGN_IDENTITY = "";
				DEFINES_MODULE = YES;
				DEVELOPMENT_TEAM = 9EUCWD26TP;
				DYLIB_COMPATIBILITY_VERSION = 1;
				DYLIB_CURRENT_VERSION = 1;
				DYLIB_INSTALL_NAME_BASE = "@rpath";
				INFOPLIST_FILE = NTComponents/Info.plist;
				INSTALL_PATH = "$(LOCAL_LIBRARY_DIR)/Frameworks";
				LD_RUNPATH_SEARCH_PATHS = "$(inherited) @executable_path/Frameworks @loader_path/Frameworks";
				PRODUCT_BUNDLE_IDENTIFIER = me.nathantannar.NTComponents;
				PRODUCT_NAME = "$(TARGET_NAME)";
				SKIP_INSTALL = YES;
				SWIFT_VERSION = 3.0;
			};
			name = Release;
		};
		38E6250C1E63AF9C003DC7B0 /* Debug */ = {
			isa = XCBuildConfiguration;
			buildSettings = {
				ASSETCATALOG_COMPILER_APPICON_NAME = AppIcon;
				DEVELOPMENT_TEAM = 9EUCWD26TP;
				INFOPLIST_FILE = "NTComponents Demo/Info.plist";
				LD_RUNPATH_SEARCH_PATHS = "$(inherited) @executable_path/Frameworks";
				PRODUCT_BUNDLE_IDENTIFIER = "me.nathantannar.NTComponents-Demo";
				PRODUCT_NAME = "$(TARGET_NAME)";
				SWIFT_VERSION = 3.0;
			};
			name = Debug;
		};
		38E6250D1E63AF9C003DC7B0 /* Release */ = {
			isa = XCBuildConfiguration;
			buildSettings = {
				ASSETCATALOG_COMPILER_APPICON_NAME = AppIcon;
				DEVELOPMENT_TEAM = 9EUCWD26TP;
				INFOPLIST_FILE = "NTComponents Demo/Info.plist";
				LD_RUNPATH_SEARCH_PATHS = "$(inherited) @executable_path/Frameworks";
				PRODUCT_BUNDLE_IDENTIFIER = "me.nathantannar.NTComponents-Demo";
				PRODUCT_NAME = "$(TARGET_NAME)";
				SWIFT_VERSION = 3.0;
			};
			name = Release;
		};
/* End XCBuildConfiguration section */

/* Begin XCConfigurationList section */
		3818F6D11E5BDEA600902E23 /* Build configuration list for PBXProject "NTComponents" */ = {
			isa = XCConfigurationList;
			buildConfigurations = (
				3818F6DD1E5BDEA600902E23 /* Debug */,
				3818F6DE1E5BDEA600902E23 /* Release */,
			);
			defaultConfigurationIsVisible = 0;
			defaultConfigurationName = Release;
		};
		3818F6DF1E5BDEA600902E23 /* Build configuration list for PBXNativeTarget "NTComponents" */ = {
			isa = XCConfigurationList;
			buildConfigurations = (
				3818F6E01E5BDEA600902E23 /* Debug */,
				3818F6E11E5BDEA600902E23 /* Release */,
			);
			defaultConfigurationIsVisible = 0;
			defaultConfigurationName = Release;
		};
		38E6250E1E63AF9C003DC7B0 /* Build configuration list for PBXNativeTarget "NTComponents Demo" */ = {
			isa = XCConfigurationList;
			buildConfigurations = (
				38E6250C1E63AF9C003DC7B0 /* Debug */,
				38E6250D1E63AF9C003DC7B0 /* Release */,
			);
			defaultConfigurationIsVisible = 0;
			defaultConfigurationName = Release;
		};
/* End XCConfigurationList section */
	};
	rootObject = 3818F6CE1E5BDEA600902E23 /* Project object */;
}
